// !$*UTF8*$!
{
	archiveVersion = 1;
	classes = {
	};
	objectVersion = 55;
	objects = {

/* Begin PBXBuildFile section */
		85A73E4F284642F90061F124 /* Utils.swift in Sources */ = {isa = PBXBuildFile; fileRef = 85A73E4E284642F90061F124 /* Utils.swift */; };
		85BC70EA2840A9FF00E942C4 /* HelloPieApp.swift in Sources */ = {isa = PBXBuildFile; fileRef = 85BC70E92840A9FF00E942C4 /* HelloPieApp.swift */; };
		85BC70EC2840A9FF00E942C4 /* ContentView.swift in Sources */ = {isa = PBXBuildFile; fileRef = 85BC70EB2840A9FF00E942C4 /* ContentView.swift */; };
		85BC70EE2840AA0300E942C4 /* Assets.xcassets in Resources */ = {isa = PBXBuildFile; fileRef = 85BC70ED2840AA0300E942C4 /* Assets.xcassets */; };
		85BC70F12840AA0300E942C4 /* Preview Assets.xcassets in Resources */ = {isa = PBXBuildFile; fileRef = 85BC70F02840AA0300E942C4 /* Preview Assets.xcassets */; };
		85BC70FB2840AA0300E942C4 /* HelloPieTests.swift in Sources */ = {isa = PBXBuildFile; fileRef = 85BC70FA2840AA0300E942C4 /* HelloPieTests.swift */; };
		85BC71052840AA0300E942C4 /* HelloPieUITests.swift in Sources */ = {isa = PBXBuildFile; fileRef = 85BC71042840AA0300E942C4 /* HelloPieUITests.swift */; };
		85BC71072840AA0300E942C4 /* HelloPieUITestsLaunchTests.swift in Sources */ = {isa = PBXBuildFile; fileRef = 85BC71062840AA0300E942C4 /* HelloPieUITestsLaunchTests.swift */; };
		85BC71142840B50D00E942C4 /* LoginView.swift in Sources */ = {isa = PBXBuildFile; fileRef = 85BC71132840B50D00E942C4 /* LoginView.swift */; };
		85BC71172841145800E942C4 /* Localizable.strings in Resources */ = {isa = PBXBuildFile; fileRef = 85BC71192841145800E942C4 /* Localizable.strings */; };
		85BC711C284395F000E942C4 /* DataObjects.swift in Sources */ = {isa = PBXBuildFile; fileRef = 85BC711B284395F000E942C4 /* DataObjects.swift */; };
		85BC711E28439A0F00E942C4 /* DataFetcher.swift in Sources */ = {isa = PBXBuildFile; fileRef = 85BC711D28439A0F00E942C4 /* DataFetcher.swift */; };
		85DF069E2843B410001FE0C2 /* test.swift in Sources */ = {isa = PBXBuildFile; fileRef = 85DF069D2843B410001FE0C2 /* test.swift */; };
/* End PBXBuildFile section */

/* Begin PBXContainerItemProxy section */
		85BC70F72840AA0300E942C4 /* PBXContainerItemProxy */ = {
			isa = PBXContainerItemProxy;
			containerPortal = 85BC70DE2840A9FF00E942C4 /* Project object */;
			proxyType = 1;
			remoteGlobalIDString = 85BC70E52840A9FF00E942C4;
			remoteInfo = HelloPie;
		};
		85BC71012840AA0300E942C4 /* PBXContainerItemProxy */ = {
			isa = PBXContainerItemProxy;
			containerPortal = 85BC70DE2840A9FF00E942C4 /* Project object */;
			proxyType = 1;
			remoteGlobalIDString = 85BC70E52840A9FF00E942C4;
			remoteInfo = HelloPie;
		};
/* End PBXContainerItemProxy section */

/* Begin PBXFileReference section */
		85A73E4E284642F90061F124 /* Utils.swift */ = {isa = PBXFileReference; lastKnownFileType = sourcecode.swift; path = Utils.swift; sourceTree = "<group>"; };
		85BC70E62840A9FF00E942C4 /* HelloPie.app */ = {isa = PBXFileReference; explicitFileType = wrapper.application; includeInIndex = 0; path = HelloPie.app; sourceTree = BUILT_PRODUCTS_DIR; };
		85BC70E92840A9FF00E942C4 /* HelloPieApp.swift */ = {isa = PBXFileReference; lastKnownFileType = sourcecode.swift; path = HelloPieApp.swift; sourceTree = "<group>"; };
		85BC70EB2840A9FF00E942C4 /* ContentView.swift */ = {isa = PBXFileReference; lastKnownFileType = sourcecode.swift; path = ContentView.swift; sourceTree = "<group>"; };
		85BC70ED2840AA0300E942C4 /* Assets.xcassets */ = {isa = PBXFileReference; lastKnownFileType = folder.assetcatalog; path = Assets.xcassets; sourceTree = "<group>"; };
		85BC70F02840AA0300E942C4 /* Preview Assets.xcassets */ = {isa = PBXFileReference; lastKnownFileType = folder.assetcatalog; path = "Preview Assets.xcassets"; sourceTree = "<group>"; };
		85BC70F62840AA0300E942C4 /* HelloPieTests.xctest */ = {isa = PBXFileReference; explicitFileType = wrapper.cfbundle; includeInIndex = 0; path = HelloPieTests.xctest; sourceTree = BUILT_PRODUCTS_DIR; };
		85BC70FA2840AA0300E942C4 /* HelloPieTests.swift */ = {isa = PBXFileReference; lastKnownFileType = sourcecode.swift; path = HelloPieTests.swift; sourceTree = "<group>"; };
		85BC71002840AA0300E942C4 /* HelloPieUITests.xctest */ = {isa = PBXFileReference; explicitFileType = wrapper.cfbundle; includeInIndex = 0; path = HelloPieUITests.xctest; sourceTree = BUILT_PRODUCTS_DIR; };
		85BC71042840AA0300E942C4 /* HelloPieUITests.swift */ = {isa = PBXFileReference; lastKnownFileType = sourcecode.swift; path = HelloPieUITests.swift; sourceTree = "<group>"; };
		85BC71062840AA0300E942C4 /* HelloPieUITestsLaunchTests.swift */ = {isa = PBXFileReference; lastKnownFileType = sourcecode.swift; path = HelloPieUITestsLaunchTests.swift; sourceTree = "<group>"; };
		85BC71132840B50D00E942C4 /* LoginView.swift */ = {isa = PBXFileReference; lastKnownFileType = sourcecode.swift; path = LoginView.swift; sourceTree = "<group>"; };
		85BC71182841145800E942C4 /* en */ = {isa = PBXFileReference; lastKnownFileType = text.plist.strings; name = en; path = en.lproj/Localizable.strings; sourceTree = "<group>"; };
		85BC711A2841145B00E942C4 /* zh-Hans */ = {isa = PBXFileReference; lastKnownFileType = text.plist.strings; name = "zh-Hans"; path = "zh-Hans.lproj/Localizable.strings"; sourceTree = "<group>"; };
		85BC711B284395F000E942C4 /* DataObjects.swift */ = {isa = PBXFileReference; lastKnownFileType = sourcecode.swift; path = DataObjects.swift; sourceTree = "<group>"; };
		85BC711D28439A0F00E942C4 /* DataFetcher.swift */ = {isa = PBXFileReference; lastKnownFileType = sourcecode.swift; path = DataFetcher.swift; sourceTree = "<group>"; };
		85DF069D2843B410001FE0C2 /* test.swift */ = {isa = PBXFileReference; lastKnownFileType = sourcecode.swift; path = test.swift; sourceTree = "<group>"; };
/* End PBXFileReference section */

/* Begin PBXFrameworksBuildPhase section */
		85BC70E32840A9FF00E942C4 /* Frameworks */ = {
			isa = PBXFrameworksBuildPhase;
			buildActionMask = 2147483647;
			files = (
			);
			runOnlyForDeploymentPostprocessing = 0;
		};
		85BC70F32840AA0300E942C4 /* Frameworks */ = {
			isa = PBXFrameworksBuildPhase;
			buildActionMask = 2147483647;
			files = (
			);
			runOnlyForDeploymentPostprocessing = 0;
		};
		85BC70FD2840AA0300E942C4 /* Frameworks */ = {
			isa = PBXFrameworksBuildPhase;
			buildActionMask = 2147483647;
			files = (
			);
			runOnlyForDeploymentPostprocessing = 0;
		};
/* End PBXFrameworksBuildPhase section */

/* Begin PBXGroup section */
		85BC70DD2840A9FF00E942C4 = {
			isa = PBXGroup;
			children = (
				85BC70E82840A9FF00E942C4 /* HelloPie */,
				85BC70F92840AA0300E942C4 /* HelloPieTests */,
				85BC71032840AA0300E942C4 /* HelloPieUITests */,
				85BC70E72840A9FF00E942C4 /* Products */,
			);
			sourceTree = "<group>";
		};
		85BC70E72840A9FF00E942C4 /* Products */ = {
			isa = PBXGroup;
			children = (
				85BC70E62840A9FF00E942C4 /* HelloPie.app */,
				85BC70F62840AA0300E942C4 /* HelloPieTests.xctest */,
				85BC71002840AA0300E942C4 /* HelloPieUITests.xctest */,
			);
			name = Products;
			sourceTree = "<group>";
		};
		85BC70E82840A9FF00E942C4 /* HelloPie */ = {
			isa = PBXGroup;
			children = (
				85BC70E92840A9FF00E942C4 /* HelloPieApp.swift */,
				85BC70EB2840A9FF00E942C4 /* ContentView.swift */,
				85DF069D2843B410001FE0C2 /* test.swift */,
				85BC711B284395F000E942C4 /* DataObjects.swift */,
				85BC711D28439A0F00E942C4 /* DataFetcher.swift */,
				85BC71132840B50D00E942C4 /* LoginView.swift */,
				85BC71192841145800E942C4 /* Localizable.strings */,
				85A73E4E284642F90061F124 /* Utils.swift */,
				85BC70ED2840AA0300E942C4 /* Assets.xcassets */,
				85BC70EF2840AA0300E942C4 /* Preview Content */,
			);
			path = HelloPie;
			sourceTree = "<group>";
		};
		85BC70EF2840AA0300E942C4 /* Preview Content */ = {
			isa = PBXGroup;
			children = (
				85BC70F02840AA0300E942C4 /* Preview Assets.xcassets */,
			);
			path = "Preview Content";
			sourceTree = "<group>";
		};
		85BC70F92840AA0300E942C4 /* HelloPieTests */ = {
			isa = PBXGroup;
			children = (
				85BC70FA2840AA0300E942C4 /* HelloPieTests.swift */,
			);
			path = HelloPieTests;
			sourceTree = "<group>";
		};
		85BC71032840AA0300E942C4 /* HelloPieUITests */ = {
			isa = PBXGroup;
			children = (
				85BC71042840AA0300E942C4 /* HelloPieUITests.swift */,
				85BC71062840AA0300E942C4 /* HelloPieUITestsLaunchTests.swift */,
			);
			path = HelloPieUITests;
			sourceTree = "<group>";
		};
/* End PBXGroup section */

/* Begin PBXNativeTarget section */
		85BC70E52840A9FF00E942C4 /* HelloPie */ = {
			isa = PBXNativeTarget;
			buildConfigurationList = 85BC710A2840AA0300E942C4 /* Build configuration list for PBXNativeTarget "HelloPie" */;
			buildPhases = (
				85BC70E22840A9FF00E942C4 /* Sources */,
				85BC70E32840A9FF00E942C4 /* Frameworks */,
				85BC70E42840A9FF00E942C4 /* Resources */,
			);
			buildRules = (
			);
			dependencies = (
			);
			name = HelloPie;
			productName = HelloPie;
			productReference = 85BC70E62840A9FF00E942C4 /* HelloPie.app */;
			productType = "com.apple.product-type.application";
		};
		85BC70F52840AA0300E942C4 /* HelloPieTests */ = {
			isa = PBXNativeTarget;
			buildConfigurationList = 85BC710D2840AA0300E942C4 /* Build configuration list for PBXNativeTarget "HelloPieTests" */;
			buildPhases = (
				85BC70F22840AA0300E942C4 /* Sources */,
				85BC70F32840AA0300E942C4 /* Frameworks */,
				85BC70F42840AA0300E942C4 /* Resources */,
			);
			buildRules = (
			);
			dependencies = (
				85BC70F82840AA0300E942C4 /* PBXTargetDependency */,
			);
			name = HelloPieTests;
			productName = HelloPieTests;
			productReference = 85BC70F62840AA0300E942C4 /* HelloPieTests.xctest */;
			productType = "com.apple.product-type.bundle.unit-test";
		};
		85BC70FF2840AA0300E942C4 /* HelloPieUITests */ = {
			isa = PBXNativeTarget;
			buildConfigurationList = 85BC71102840AA0300E942C4 /* Build configuration list for PBXNativeTarget "HelloPieUITests" */;
			buildPhases = (
				85BC70FC2840AA0300E942C4 /* Sources */,
				85BC70FD2840AA0300E942C4 /* Frameworks */,
				85BC70FE2840AA0300E942C4 /* Resources */,
			);
			buildRules = (
			);
			dependencies = (
				85BC71022840AA0300E942C4 /* PBXTargetDependency */,
			);
			name = HelloPieUITests;
			productName = HelloPieUITests;
			productReference = 85BC71002840AA0300E942C4 /* HelloPieUITests.xctest */;
			productType = "com.apple.product-type.bundle.ui-testing";
		};
/* End PBXNativeTarget section */

/* Begin PBXProject section */
		85BC70DE2840A9FF00E942C4 /* Project object */ = {
			isa = PBXProject;
			attributes = {
				BuildIndependentTargetsInParallel = 1;
				LastSwiftUpdateCheck = 1340;
				LastUpgradeCheck = 1340;
				TargetAttributes = {
					85BC70E52840A9FF00E942C4 = {
						CreatedOnToolsVersion = 13.4;
					};
					85BC70F52840AA0300E942C4 = {
						CreatedOnToolsVersion = 13.4;
						TestTargetID = 85BC70E52840A9FF00E942C4;
					};
					85BC70FF2840AA0300E942C4 = {
						CreatedOnToolsVersion = 13.4;
						TestTargetID = 85BC70E52840A9FF00E942C4;
					};
				};
			};
			buildConfigurationList = 85BC70E12840A9FF00E942C4 /* Build configuration list for PBXProject "HelloPie" */;
			compatibilityVersion = "Xcode 13.0";
			developmentRegion = en;
			hasScannedForEncodings = 0;
			knownRegions = (
				en,
				Base,
				"zh-Hans",
			);
			mainGroup = 85BC70DD2840A9FF00E942C4;
			productRefGroup = 85BC70E72840A9FF00E942C4 /* Products */;
			projectDirPath = "";
			projectRoot = "";
			targets = (
				85BC70E52840A9FF00E942C4 /* HelloPie */,
				85BC70F52840AA0300E942C4 /* HelloPieTests */,
				85BC70FF2840AA0300E942C4 /* HelloPieUITests */,
			);
		};
/* End PBXProject section */

/* Begin PBXResourcesBuildPhase section */
		85BC70E42840A9FF00E942C4 /* Resources */ = {
			isa = PBXResourcesBuildPhase;
			buildActionMask = 2147483647;
			files = (
				85BC70F12840AA0300E942C4 /* Preview Assets.xcassets in Resources */,
				85BC71172841145800E942C4 /* Localizable.strings in Resources */,
				85BC70EE2840AA0300E942C4 /* Assets.xcassets in Resources */,
			);
			runOnlyForDeploymentPostprocessing = 0;
		};
		85BC70F42840AA0300E942C4 /* Resources */ = {
			isa = PBXResourcesBuildPhase;
			buildActionMask = 2147483647;
			files = (
			);
			runOnlyForDeploymentPostprocessing = 0;
		};
		85BC70FE2840AA0300E942C4 /* Resources */ = {
			isa = PBXResourcesBuildPhase;
			buildActionMask = 2147483647;
			files = (
			);
			runOnlyForDeploymentPostprocessing = 0;
		};
/* End PBXResourcesBuildPhase section */

/* Begin PBXSourcesBuildPhase section */
		85BC70E22840A9FF00E942C4 /* Sources */ = {
			isa = PBXSourcesBuildPhase;
			buildActionMask = 2147483647;
			files = (
				85BC711E28439A0F00E942C4 /* DataFetcher.swift in Sources */,
				85DF069E2843B410001FE0C2 /* test.swift in Sources */,
				85BC711C284395F000E942C4 /* DataObjects.swift in Sources */,
				85A73E4F284642F90061F124 /* Utils.swift in Sources */,
				85BC71142840B50D00E942C4 /* LoginView.swift in Sources */,
				85BC70EC2840A9FF00E942C4 /* ContentView.swift in Sources */,
				85BC70EA2840A9FF00E942C4 /* HelloPieApp.swift in Sources */,
			);
			runOnlyForDeploymentPostprocessing = 0;
		};
		85BC70F22840AA0300E942C4 /* Sources */ = {
			isa = PBXSourcesBuildPhase;
			buildActionMask = 2147483647;
			files = (
				85BC70FB2840AA0300E942C4 /* HelloPieTests.swift in Sources */,
			);
			runOnlyForDeploymentPostprocessing = 0;
		};
		85BC70FC2840AA0300E942C4 /* Sources */ = {
			isa = PBXSourcesBuildPhase;
			buildActionMask = 2147483647;
			files = (
				85BC71072840AA0300E942C4 /* HelloPieUITestsLaunchTests.swift in Sources */,
				85BC71052840AA0300E942C4 /* HelloPieUITests.swift in Sources */,
			);
			runOnlyForDeploymentPostprocessing = 0;
		};
/* End PBXSourcesBuildPhase section */

/* Begin PBXTargetDependency section */
		85BC70F82840AA0300E942C4 /* PBXTargetDependency */ = {
			isa = PBXTargetDependency;
			target = 85BC70E52840A9FF00E942C4 /* HelloPie */;
			targetProxy = 85BC70F72840AA0300E942C4 /* PBXContainerItemProxy */;
		};
		85BC71022840AA0300E942C4 /* PBXTargetDependency */ = {
			isa = PBXTargetDependency;
			target = 85BC70E52840A9FF00E942C4 /* HelloPie */;
			targetProxy = 85BC71012840AA0300E942C4 /* PBXContainerItemProxy */;
		};
/* End PBXTargetDependency section */

/* Begin PBXVariantGroup section */
		85BC71192841145800E942C4 /* Localizable.strings */ = {
			isa = PBXVariantGroup;
			children = (
				85BC71182841145800E942C4 /* en */,
				85BC711A2841145B00E942C4 /* zh-Hans */,
			);
			name = Localizable.strings;
			sourceTree = "<group>";
		};
/* End PBXVariantGroup section */

/* Begin XCBuildConfiguration section */
		85BC71082840AA0300E942C4 /* Debug */ = {
			isa = XCBuildConfiguration;
			buildSettings = {
				ALWAYS_SEARCH_USER_PATHS = NO;
				CLANG_ANALYZER_NONNULL = YES;
				CLANG_ANALYZER_NUMBER_OBJECT_CONVERSION = YES_AGGRESSIVE;
				CLANG_CXX_LANGUAGE_STANDARD = "gnu++17";
				CLANG_ENABLE_MODULES = YES;
				CLANG_ENABLE_OBJC_ARC = YES;
				CLANG_ENABLE_OBJC_WEAK = YES;
				CLANG_WARN_BLOCK_CAPTURE_AUTORELEASING = YES;
				CLANG_WARN_BOOL_CONVERSION = YES;
				CLANG_WARN_COMMA = YES;
				CLANG_WARN_CONSTANT_CONVERSION = YES;
				CLANG_WARN_DEPRECATED_OBJC_IMPLEMENTATIONS = YES;
				CLANG_WARN_DIRECT_OBJC_ISA_USAGE = YES_ERROR;
				CLANG_WARN_DOCUMENTATION_COMMENTS = YES;
				CLANG_WARN_EMPTY_BODY = YES;
				CLANG_WARN_ENUM_CONVERSION = YES;
				CLANG_WARN_INFINITE_RECURSION = YES;
				CLANG_WARN_INT_CONVERSION = YES;
				CLANG_WARN_NON_LITERAL_NULL_CONVERSION = YES;
				CLANG_WARN_OBJC_IMPLICIT_RETAIN_SELF = YES;
				CLANG_WARN_OBJC_LITERAL_CONVERSION = YES;
				CLANG_WARN_OBJC_ROOT_CLASS = YES_ERROR;
				CLANG_WARN_QUOTED_INCLUDE_IN_FRAMEWORK_HEADER = YES;
				CLANG_WARN_RANGE_LOOP_ANALYSIS = YES;
				CLANG_WARN_STRICT_PROTOTYPES = YES;
				CLANG_WARN_SUSPICIOUS_MOVE = YES;
				CLANG_WARN_UNGUARDED_AVAILABILITY = YES_AGGRESSIVE;
				CLANG_WARN_UNREACHABLE_CODE = YES;
				CLANG_WARN__DUPLICATE_METHOD_MATCH = YES;
				COPY_PHASE_STRIP = NO;
				DEBUG_INFORMATION_FORMAT = dwarf;
				ENABLE_STRICT_OBJC_MSGSEND = YES;
				ENABLE_TESTABILITY = YES;
				GCC_C_LANGUAGE_STANDARD = gnu11;
				GCC_DYNAMIC_NO_PIC = NO;
				GCC_NO_COMMON_BLOCKS = YES;
				GCC_OPTIMIZATION_LEVEL = 0;
				GCC_PREPROCESSOR_DEFINITIONS = (
					"DEBUG=1",
					"$(inherited)",
				);
				GCC_WARN_64_TO_32_BIT_CONVERSION = YES;
				GCC_WARN_ABOUT_RETURN_TYPE = YES_ERROR;
				GCC_WARN_UNDECLARED_SELECTOR = YES;
				GCC_WARN_UNINITIALIZED_AUTOS = YES_AGGRESSIVE;
				GCC_WARN_UNUSED_FUNCTION = YES;
				GCC_WARN_UNUSED_VARIABLE = YES;
				IPHONEOS_DEPLOYMENT_TARGET = 15.5;
				MTL_ENABLE_DEBUG_INFO = INCLUDE_SOURCE;
				MTL_FAST_MATH = YES;
				ONLY_ACTIVE_ARCH = YES;
				SDKROOT = iphoneos;
				SWIFT_ACTIVE_COMPILATION_CONDITIONS = DEBUG;
				SWIFT_OPTIMIZATION_LEVEL = "-Onone";
			};
			name = Debug;
		};
		85BC71092840AA0300E942C4 /* Release */ = {
			isa = XCBuildConfiguration;
			buildSettings = {
				ALWAYS_SEARCH_USER_PATHS = NO;
				CLANG_ANALYZER_NONNULL = YES;
				CLANG_ANALYZER_NUMBER_OBJECT_CONVERSION = YES_AGGRESSIVE;
				CLANG_CXX_LANGUAGE_STANDARD = "gnu++17";
				CLANG_ENABLE_MODULES = YES;
				CLANG_ENABLE_OBJC_ARC = YES;
				CLANG_ENABLE_OBJC_WEAK = YES;
				CLANG_WARN_BLOCK_CAPTURE_AUTORELEASING = YES;
				CLANG_WARN_BOOL_CONVERSION = YES;
				CLANG_WARN_COMMA = YES;
				CLANG_WARN_CONSTANT_CONVERSION = YES;
				CLANG_WARN_DEPRECATED_OBJC_IMPLEMENTATIONS = YES;
				CLANG_WARN_DIRECT_OBJC_ISA_USAGE = YES_ERROR;
				CLANG_WARN_DOCUMENTATION_COMMENTS = YES;
				CLANG_WARN_EMPTY_BODY = YES;
				CLANG_WARN_ENUM_CONVERSION = YES;
				CLANG_WARN_INFINITE_RECURSION = YES;
				CLANG_WARN_INT_CONVERSION = YES;
				CLANG_WARN_NON_LITERAL_NULL_CONVERSION = YES;
				CLANG_WARN_OBJC_IMPLICIT_RETAIN_SELF = YES;
				CLANG_WARN_OBJC_LITERAL_CONVERSION = YES;
				CLANG_WARN_OBJC_ROOT_CLASS = YES_ERROR;
				CLANG_WARN_QUOTED_INCLUDE_IN_FRAMEWORK_HEADER = YES;
				CLANG_WARN_RANGE_LOOP_ANALYSIS = YES;
				CLANG_WARN_STRICT_PROTOTYPES = YES;
				CLANG_WARN_SUSPICIOUS_MOVE = YES;
				CLANG_WARN_UNGUARDED_AVAILABILITY = YES_AGGRESSIVE;
				CLANG_WARN_UNREACHABLE_CODE = YES;
				CLANG_WARN__DUPLICATE_METHOD_MATCH = YES;
				COPY_PHASE_STRIP = NO;
				DEBUG_INFORMATION_FORMAT = "dwarf-with-dsym";
				ENABLE_NS_ASSERTIONS = NO;
				ENABLE_STRICT_OBJC_MSGSEND = YES;
				GCC_C_LANGUAGE_STANDARD = gnu11;
				GCC_NO_COMMON_BLOCKS = YES;
				GCC_WARN_64_TO_32_BIT_CONVERSION = YES;
				GCC_WARN_ABOUT_RETURN_TYPE = YES_ERROR;
				GCC_WARN_UNDECLARED_SELECTOR = YES;
				GCC_WARN_UNINITIALIZED_AUTOS = YES_AGGRESSIVE;
				GCC_WARN_UNUSED_FUNCTION = YES;
				GCC_WARN_UNUSED_VARIABLE = YES;
				IPHONEOS_DEPLOYMENT_TARGET = 15.5;
				MTL_ENABLE_DEBUG_INFO = NO;
				MTL_FAST_MATH = YES;
				SDKROOT = iphoneos;
				SWIFT_COMPILATION_MODE = wholemodule;
				SWIFT_OPTIMIZATION_LEVEL = "-O";
				VALIDATE_PRODUCT = YES;
			};
			name = Release;
		};
		85BC710B2840AA0300E942C4 /* Debug */ = {
			isa = XCBuildConfiguration;
			buildSettings = {
				ASSETCATALOG_COMPILER_APPICON_NAME = AppIcon;
				ASSETCATALOG_COMPILER_GLOBAL_ACCENT_COLOR_NAME = AccentColor;
				CODE_SIGN_STYLE = Automatic;
				CURRENT_PROJECT_VERSION = 1;
				DEVELOPMENT_ASSET_PATHS = "\"HelloPie/Preview Content\"";
				ENABLE_PREVIEWS = YES;
				GENERATE_INFOPLIST_FILE = YES;
				INFOPLIST_KEY_UIApplicationSceneManifest_Generation = YES;
				INFOPLIST_KEY_UIApplicationSupportsIndirectInputEvents = YES;
				INFOPLIST_KEY_UILaunchScreen_Generation = YES;
				INFOPLIST_KEY_UISupportedInterfaceOrientations_iPad = "UIInterfaceOrientationPortrait UIInterfaceOrientationPortraitUpsideDown UIInterfaceOrientationLandscapeLeft UIInterfaceOrientationLandscapeRight";
				INFOPLIST_KEY_UISupportedInterfaceOrientations_iPhone = "UIInterfaceOrientationPortrait UIInterfaceOrientationLandscapeLeft UIInterfaceOrientationLandscapeRight";
				LD_RUNPATH_SEARCH_PATHS = (
					"$(inherited)",
					"@executable_path/Frameworks",
				);
				MARKETING_VERSION = 1.0;
				PRODUCT_BUNDLE_IDENTIFIER = zhenzhidaole.com.HelloPie;
				PRODUCT_NAME = "$(TARGET_NAME)";
				SWIFT_EMIT_LOC_STRINGS = YES;
				SWIFT_VERSION = 5.0;
				TARGETED_DEVICE_FAMILY = "1,2";
			};
			name = Debug;
		};
		85BC710C2840AA0300E942C4 /* Release */ = {
			isa = XCBuildConfiguration;
			buildSettings = {
				ASSETCATALOG_COMPILER_APPICON_NAME = AppIcon;
				ASSETCATALOG_COMPILER_GLOBAL_ACCENT_COLOR_NAME = AccentColor;
				CODE_SIGN_STYLE = Automatic;
				CURRENT_PROJECT_VERSION = 1;
				DEVELOPMENT_ASSET_PATHS = "\"HelloPie/Preview Content\"";
				ENABLE_PREVIEWS = YES;
				GENERATE_INFOPLIST_FILE = YES;
				INFOPLIST_KEY_UIApplicationSceneManifest_Generation = YES;
				INFOPLIST_KEY_UIApplicationSupportsIndirectInputEvents = YES;
				INFOPLIST_KEY_UILaunchScreen_Generation = YES;
				INFOPLIST_KEY_UISupportedInterfaceOrientations_iPad = "UIInterfaceOrientationPortrait UIInterfaceOrientationPortraitUpsideDown UIInterfaceOrientationLandscapeLeft UIInterfaceOrientationLandscapeRight";
				INFOPLIST_KEY_UISupportedInterfaceOrientations_iPhone = "UIInterfaceOrientationPortrait UIInterfaceOrientationLandscapeLeft UIInterfaceOrientationLandscapeRight";
				LD_RUNPATH_SEARCH_PATHS = (
					"$(inherited)",
					"@executable_path/Frameworks",
				);
				MARKETING_VERSION = 1.0;
				PRODUCT_BUNDLE_IDENTIFIER = zhenzhidaole.com.HelloPie;
				PRODUCT_NAME = "$(TARGET_NAME)";
				SWIFT_EMIT_LOC_STRINGS = YES;
				SWIFT_VERSION = 5.0;
				TARGETED_DEVICE_FAMILY = "1,2";
			};
			name = Release;
		};
		85BC710E2840AA0300E942C4 /* Debug */ = {
			isa = XCBuildConfiguration;
			buildSettings = {
				ALWAYS_EMBED_SWIFT_STANDARD_LIBRARIES = YES;
				BUNDLE_LOADER = "$(TEST_HOST)";
				CODE_SIGN_STYLE = Automatic;
				CURRENT_PROJECT_VERSION = 1;
				GENERATE_INFOPLIST_FILE = YES;
				IPHONEOS_DEPLOYMENT_TARGET = 15.5;
				MARKETING_VERSION = 1.0;
				PRODUCT_BUNDLE_IDENTIFIER = zhenzhidaole.com.HelloPieTests;
				PRODUCT_NAME = "$(TARGET_NAME)";
				SWIFT_EMIT_LOC_STRINGS = NO;
				SWIFT_VERSION = 5.0;
				TARGETED_DEVICE_FAMILY = "1,2";
				TEST_HOST = "$(BUILT_PRODUCTS_DIR)/HelloPie.app/HelloPie";
			};
			name = Debug;
		};
		85BC710F2840AA0300E942C4 /* Release */ = {
			isa = XCBuildConfiguration;
			buildSettings = {
				ALWAYS_EMBED_SWIFT_STANDARD_LIBRARIES = YES;
				BUNDLE_LOADER = "$(TEST_HOST)";
				CODE_SIGN_STYLE = Automatic;
				CURRENT_PROJECT_VERSION = 1;
				GENERATE_INFOPLIST_FILE = YES;
				IPHONEOS_DEPLOYMENT_TARGET = 15.5;
				MARKETING_VERSION = 1.0;
				PRODUCT_BUNDLE_IDENTIFIER = zhenzhidaole.com.HelloPieTests;
				PRODUCT_NAME = "$(TARGET_NAME)";
				SWIFT_EMIT_LOC_STRINGS = NO;
				SWIFT_VERSION = 5.0;
				TARGETED_DEVICE_FAMILY = "1,2";
				TEST_HOST = "$(BUILT_PRODUCTS_DIR)/HelloPie.app/HelloPie";
			};
			name = Release;
		};
		85BC71112840AA0300E942C4 /* Debug */ = {
			isa = XCBuildConfiguration;
			buildSettings = {
				ALWAYS_EMBED_SWIFT_STANDARD_LIBRARIES = YES;
				CODE_SIGN_STYLE = Automatic;
				CURRENT_PROJECT_VERSION = 1;
				GENERATE_INFOPLIST_FILE = YES;
				MARKETING_VERSION = 1.0;
				PRODUCT_BUNDLE_IDENTIFIER = zhenzhidaole.com.HelloPieUITests;
				PRODUCT_NAME = "$(TARGET_NAME)";
				SWIFT_EMIT_LOC_STRINGS = NO;
				SWIFT_VERSION = 5.0;
				TARGETED_DEVICE_FAMILY = "1,2";
				TEST_TARGET_NAME = HelloPie;
			};
			name = Debug;
		};
		85BC71122840AA0300E942C4 /* Release */ = {
			isa = XCBuildConfiguration;
			buildSettings = {
				ALWAYS_EMBED_SWIFT_STANDARD_LIBRARIES = YES;
				CODE_SIGN_STYLE = Automatic;
				CURRENT_PROJECT_VERSION = 1;
				GENERATE_INFOPLIST_FILE = YES;
				MARKETING_VERSION = 1.0;
				PRODUCT_BUNDLE_IDENTIFIER = zhenzhidaole.com.HelloPieUITests;
				PRODUCT_NAME = "$(TARGET_NAME)";
				SWIFT_EMIT_LOC_STRINGS = NO;
				SWIFT_VERSION = 5.0;
				TARGETED_DEVICE_FAMILY = "1,2";
				TEST_TARGET_NAME = HelloPie;
			};
			name = Release;
		};
/* End XCBuildConfiguration section */

/* Begin XCConfigurationList section */
		85BC70E12840A9FF00E942C4 /* Build configuration list for PBXProject "HelloPie" */ = {
			isa = XCConfigurationList;
			buildConfigurations = (
				85BC71082840AA0300E942C4 /* Debug */,
				85BC71092840AA0300E942C4 /* Release */,
			);
			defaultConfigurationIsVisible = 0;
			defaultConfigurationName = Release;
		};
		85BC710A2840AA0300E942C4 /* Build configuration list for PBXNativeTarget "HelloPie" */ = {
			isa = XCConfigurationList;
			buildConfigurations = (
				85BC710B2840AA0300E942C4 /* Debug */,
				85BC710C2840AA0300E942C4 /* Release */,
			);
			defaultConfigurationIsVisible = 0;
			defaultConfigurationName = Release;
		};
		85BC710D2840AA0300E942C4 /* Build configuration list for PBXNativeTarget "HelloPieTests" */ = {
			isa = XCConfigurationList;
			buildConfigurations = (
				85BC710E2840AA0300E942C4 /* Debug */,
				85BC710F2840AA0300E942C4 /* Release */,
			);
			defaultConfigurationIsVisible = 0;
			defaultConfigurationName = Release;
		};
		85BC71102840AA0300E942C4 /* Build configuration list for PBXNativeTarget "HelloPieUITests" */ = {
			isa = XCConfigurationList;
			buildConfigurations = (
				85BC71112840AA0300E942C4 /* Debug */,
				85BC71122840AA0300E942C4 /* Release */,
			);
			defaultConfigurationIsVisible = 0;
			defaultConfigurationName = Release;
		};
/* End XCConfigurationList section */
	};
	rootObject = 85BC70DE2840A9FF00E942C4 /* Project object */;
}
