// !$*UTF8*$!
{
	archiveVersion = 1;
	classes = {
	};
	objectVersion = 55;
	objects = {

/* Begin PBXBuildFile section */
		853D4E5F2865DD1600BC5073 /* HelloPieApp.swift in Sources */ = {isa = PBXBuildFile; fileRef = 853D4E5E2865DD1600BC5073 /* HelloPieApp.swift */; };
		853D4E612865DD1600BC5073 /* ContentView.swift in Sources */ = {isa = PBXBuildFile; fileRef = 853D4E602865DD1600BC5073 /* ContentView.swift */; };
		853D4E632865DD1A00BC5073 /* Assets.xcassets in Resources */ = {isa = PBXBuildFile; fileRef = 853D4E622865DD1A00BC5073 /* Assets.xcassets */; };
		853D4E662865DD1A00BC5073 /* Preview Assets.xcassets in Resources */ = {isa = PBXBuildFile; fileRef = 853D4E652865DD1A00BC5073 /* Preview Assets.xcassets */; };
		853D4E682865DD1A00BC5073 /* Persistence.swift in Sources */ = {isa = PBXBuildFile; fileRef = 853D4E672865DD1A00BC5073 /* Persistence.swift */; };
		853D4E6B2865DD1A00BC5073 /* HelloPie.xcdatamodeld in Sources */ = {isa = PBXBuildFile; fileRef = 853D4E692865DD1A00BC5073 /* HelloPie.xcdatamodeld */; };
		853D4E752865DD1A00BC5073 /* HelloPieTests.swift in Sources */ = {isa = PBXBuildFile; fileRef = 853D4E742865DD1A00BC5073 /* HelloPieTests.swift */; };
		853D4E7F2865DD1A00BC5073 /* HelloPieUITests.swift in Sources */ = {isa = PBXBuildFile; fileRef = 853D4E7E2865DD1A00BC5073 /* HelloPieUITests.swift */; };
		853D4E812865DD1A00BC5073 /* HelloPieUITestsLaunchTests.swift in Sources */ = {isa = PBXBuildFile; fileRef = 853D4E802865DD1A00BC5073 /* HelloPieUITestsLaunchTests.swift */; };
		853D4E8E2865DDED00BC5073 /* Utils.swift in Sources */ = {isa = PBXBuildFile; fileRef = 853D4E8D2865DDED00BC5073 /* Utils.swift */; };
		853D4E902865DE1500BC5073 /* DataController.swift in Sources */ = {isa = PBXBuildFile; fileRef = 853D4E8F2865DE1500BC5073 /* DataController.swift */; };
		853D4E952865DEF400BC5073 /* Localizable.strings in Resources */ = {isa = PBXBuildFile; fileRef = 853D4E932865DEF400BC5073 /* Localizable.strings */; };
		853D4E972865DF0C00BC5073 /* Localizable.strings in Resources */ = {isa = PBXBuildFile; fileRef = 853D4E962865DF0C00BC5073 /* Localizable.strings */; };
		853D4E992865DF3900BC5073 /* DataObjects.swift in Sources */ = {isa = PBXBuildFile; fileRef = 853D4E982865DF3900BC5073 /* DataObjects.swift */; };
		853D4E9B2865DF6500BC5073 /* WelcomeView.swift in Sources */ = {isa = PBXBuildFile; fileRef = 853D4E9A2865DF6500BC5073 /* WelcomeView.swift */; };
		853D4E9D2865DFCD00BC5073 /* GuessTheCarLogoView.swift in Sources */ = {isa = PBXBuildFile; fileRef = 853D4E9C2865DFCD00BC5073 /* GuessTheCarLogoView.swift */; };
/* End PBXBuildFile section */

/* Begin PBXContainerItemProxy section */
		853D4E712865DD1A00BC5073 /* PBXContainerItemProxy */ = {
			isa = PBXContainerItemProxy;
			containerPortal = 853D4E532865DD1600BC5073 /* Project object */;
			proxyType = 1;
			remoteGlobalIDString = 853D4E5A2865DD1600BC5073;
			remoteInfo = HelloPie;
		};
		853D4E7B2865DD1A00BC5073 /* PBXContainerItemProxy */ = {
			isa = PBXContainerItemProxy;
			containerPortal = 853D4E532865DD1600BC5073 /* Project object */;
			proxyType = 1;
			remoteGlobalIDString = 853D4E5A2865DD1600BC5073;
			remoteInfo = HelloPie;
		};
/* End PBXContainerItemProxy section */

/* Begin PBXFileReference section */
		853D4E5B2865DD1600BC5073 /* HelloPie.app */ = {isa = PBXFileReference; explicitFileType = wrapper.application; includeInIndex = 0; path = HelloPie.app; sourceTree = BUILT_PRODUCTS_DIR; };
		853D4E5E2865DD1600BC5073 /* HelloPieApp.swift */ = {isa = PBXFileReference; lastKnownFileType = sourcecode.swift; path = HelloPieApp.swift; sourceTree = "<group>"; };
		853D4E602865DD1600BC5073 /* ContentView.swift */ = {isa = PBXFileReference; lastKnownFileType = sourcecode.swift; path = ContentView.swift; sourceTree = "<group>"; };
		853D4E622865DD1A00BC5073 /* Assets.xcassets */ = {isa = PBXFileReference; lastKnownFileType = folder.assetcatalog; path = Assets.xcassets; sourceTree = "<group>"; };
		853D4E652865DD1A00BC5073 /* Preview Assets.xcassets */ = {isa = PBXFileReference; lastKnownFileType = folder.assetcatalog; path = "Preview Assets.xcassets"; sourceTree = "<group>"; };
		853D4E672865DD1A00BC5073 /* Persistence.swift */ = {isa = PBXFileReference; lastKnownFileType = sourcecode.swift; path = Persistence.swift; sourceTree = "<group>"; };
		853D4E6A2865DD1A00BC5073 /* HelloPie.xcdatamodel */ = {isa = PBXFileReference; lastKnownFileType = wrapper.xcdatamodel; path = HelloPie.xcdatamodel; sourceTree = "<group>"; };
		853D4E702865DD1A00BC5073 /* HelloPieTests.xctest */ = {isa = PBXFileReference; explicitFileType = wrapper.cfbundle; includeInIndex = 0; path = HelloPieTests.xctest; sourceTree = BUILT_PRODUCTS_DIR; };
		853D4E742865DD1A00BC5073 /* HelloPieTests.swift */ = {isa = PBXFileReference; lastKnownFileType = sourcecode.swift; path = HelloPieTests.swift; sourceTree = "<group>"; };
		853D4E7A2865DD1A00BC5073 /* HelloPieUITests.xctest */ = {isa = PBXFileReference; explicitFileType = wrapper.cfbundle; includeInIndex = 0; path = HelloPieUITests.xctest; sourceTree = BUILT_PRODUCTS_DIR; };
		853D4E7E2865DD1A00BC5073 /* HelloPieUITests.swift */ = {isa = PBXFileReference; lastKnownFileType = sourcecode.swift; path = HelloPieUITests.swift; sourceTree = "<group>"; };
		853D4E802865DD1A00BC5073 /* HelloPieUITestsLaunchTests.swift */ = {isa = PBXFileReference; lastKnownFileType = sourcecode.swift; path = HelloPieUITestsLaunchTests.swift; sourceTree = "<group>"; };
		853D4E8D2865DDED00BC5073 /* Utils.swift */ = {isa = PBXFileReference; lastKnownFileType = sourcecode.swift; path = Utils.swift; sourceTree = "<group>"; };
		853D4E8F2865DE1500BC5073 /* DataController.swift */ = {isa = PBXFileReference; lastKnownFileType = sourcecode.swift; path = DataController.swift; sourceTree = "<group>"; };
		853D4E942865DEF400BC5073 /* en */ = {isa = PBXFileReference; lastKnownFileType = text.plist.strings; name = en; path = Localizable.strings; sourceTree = "<group>"; };
		853D4E962865DF0C00BC5073 /* Localizable.strings */ = {isa = PBXFileReference; lastKnownFileType = text.plist.strings; path = Localizable.strings; sourceTree = "<group>"; };
		853D4E982865DF3900BC5073 /* DataObjects.swift */ = {isa = PBXFileReference; lastKnownFileType = sourcecode.swift; path = DataObjects.swift; sourceTree = "<group>"; };
		853D4E9A2865DF6500BC5073 /* WelcomeView.swift */ = {isa = PBXFileReference; lastKnownFileType = sourcecode.swift; path = WelcomeView.swift; sourceTree = "<group>"; };
		853D4E9C2865DFCD00BC5073 /* GuessTheCarLogoView.swift */ = {isa = PBXFileReference; lastKnownFileType = sourcecode.swift; path = GuessTheCarLogoView.swift; sourceTree = "<group>"; };
/* End PBXFileReference section */

/* Begin PBXFrameworksBuildPhase section */
		853D4E582865DD1600BC5073 /* Frameworks */ = {
			isa = PBXFrameworksBuildPhase;
			buildActionMask = 2147483647;
			files = (
			);
			runOnlyForDeploymentPostprocessing = 0;
		};
		853D4E6D2865DD1A00BC5073 /* Frameworks */ = {
			isa = PBXFrameworksBuildPhase;
			buildActionMask = 2147483647;
			files = (
			);
			runOnlyForDeploymentPostprocessing = 0;
		};
		853D4E772865DD1A00BC5073 /* Frameworks */ = {
			isa = PBXFrameworksBuildPhase;
			buildActionMask = 2147483647;
			files = (
			);
			runOnlyForDeploymentPostprocessing = 0;
		};
/* End PBXFrameworksBuildPhase section */

/* Begin PBXGroup section */
		853D4E522865DD1600BC5073 = {
			isa = PBXGroup;
			children = (
				853D4E5D2865DD1600BC5073 /* HelloPie */,
				853D4E732865DD1A00BC5073 /* HelloPieTests */,
				853D4E7D2865DD1A00BC5073 /* HelloPieUITests */,
				853D4E5C2865DD1600BC5073 /* Products */,
			);
			sourceTree = "<group>";
		};
		853D4E5C2865DD1600BC5073 /* Products */ = {
			isa = PBXGroup;
			children = (
				853D4E5B2865DD1600BC5073 /* HelloPie.app */,
				853D4E702865DD1A00BC5073 /* HelloPieTests.xctest */,
				853D4E7A2865DD1A00BC5073 /* HelloPieUITests.xctest */,
			);
			name = Products;
			sourceTree = "<group>";
		};
		853D4E5D2865DD1600BC5073 /* HelloPie */ = {
			isa = PBXGroup;
			children = (
				853D4E5E2865DD1600BC5073 /* HelloPieApp.swift */,
				853D4E9A2865DF6500BC5073 /* WelcomeView.swift */,
				853D4E9C2865DFCD00BC5073 /* GuessTheCarLogoView.swift */,
				853D4E602865DD1600BC5073 /* ContentView.swift */,
				853D4E622865DD1A00BC5073 /* Assets.xcassets */,
				853D4E672865DD1A00BC5073 /* Persistence.swift */,
				853D4E8D2865DDED00BC5073 /* Utils.swift */,
				853D4E8F2865DE1500BC5073 /* DataController.swift */,
				853D4E982865DF3900BC5073 /* DataObjects.swift */,
				853D4E692865DD1A00BC5073 /* HelloPie.xcdatamodeld */,
				853D4E912865DEC400BC5073 /* en.lproj */,
				853D4E922865DECE00BC5073 /* zh-Hans.lpro */,
				853D4E642865DD1A00BC5073 /* Preview Content */,
			);
			path = HelloPie;
			sourceTree = "<group>";
		};
		853D4E642865DD1A00BC5073 /* Preview Content */ = {
			isa = PBXGroup;
			children = (
				853D4E652865DD1A00BC5073 /* Preview Assets.xcassets */,
			);
			path = "Preview Content";
			sourceTree = "<group>";
		};
		853D4E732865DD1A00BC5073 /* HelloPieTests */ = {
			isa = PBXGroup;
			children = (
				853D4E742865DD1A00BC5073 /* HelloPieTests.swift */,
			);
			path = HelloPieTests;
			sourceTree = "<group>";
		};
		853D4E7D2865DD1A00BC5073 /* HelloPieUITests */ = {
			isa = PBXGroup;
			children = (
				853D4E7E2865DD1A00BC5073 /* HelloPieUITests.swift */,
				853D4E802865DD1A00BC5073 /* HelloPieUITestsLaunchTests.swift */,
			);
			path = HelloPieUITests;
			sourceTree = "<group>";
		};
		853D4E912865DEC400BC5073 /* en.lproj */ = {
			isa = PBXGroup;
			children = (
				853D4E932865DEF400BC5073 /* Localizable.strings */,
			);
			path = en.lproj;
			sourceTree = "<group>";
		};
		853D4E922865DECE00BC5073 /* zh-Hans.lpro */ = {
			isa = PBXGroup;
			children = (
				853D4E962865DF0C00BC5073 /* Localizable.strings */,
			);
			path = "zh-Hans.lpro";
			sourceTree = "<group>";
		};
/* End PBXGroup section */

/* Begin PBXNativeTarget section */
		853D4E5A2865DD1600BC5073 /* HelloPie */ = {
			isa = PBXNativeTarget;
			buildConfigurationList = 853D4E842865DD1A00BC5073 /* Build configuration list for PBXNativeTarget "HelloPie" */;
			buildPhases = (
				853D4E572865DD1600BC5073 /* Sources */,
				853D4E582865DD1600BC5073 /* Frameworks */,
				853D4E592865DD1600BC5073 /* Resources */,
			);
			buildRules = (
			);
			dependencies = (
			);
			name = HelloPie;
			productName = HelloPie;
			productReference = 853D4E5B2865DD1600BC5073 /* HelloPie.app */;
			productType = "com.apple.product-type.application";
		};
		853D4E6F2865DD1A00BC5073 /* HelloPieTests */ = {
			isa = PBXNativeTarget;
			buildConfigurationList = 853D4E872865DD1A00BC5073 /* Build configuration list for PBXNativeTarget "HelloPieTests" */;
			buildPhases = (
				853D4E6C2865DD1A00BC5073 /* Sources */,
				853D4E6D2865DD1A00BC5073 /* Frameworks */,
				853D4E6E2865DD1A00BC5073 /* Resources */,
			);
			buildRules = (
			);
			dependencies = (
				853D4E722865DD1A00BC5073 /* PBXTargetDependency */,
			);
			name = HelloPieTests;
			productName = HelloPieTests;
			productReference = 853D4E702865DD1A00BC5073 /* HelloPieTests.xctest */;
			productType = "com.apple.product-type.bundle.unit-test";
		};
		853D4E792865DD1A00BC5073 /* HelloPieUITests */ = {
			isa = PBXNativeTarget;
			buildConfigurationList = 853D4E8A2865DD1A00BC5073 /* Build configuration list for PBXNativeTarget "HelloPieUITests" */;
			buildPhases = (
				853D4E762865DD1A00BC5073 /* Sources */,
				853D4E772865DD1A00BC5073 /* Frameworks */,
				853D4E782865DD1A00BC5073 /* Resources */,
			);
			buildRules = (
			);
			dependencies = (
				853D4E7C2865DD1A00BC5073 /* PBXTargetDependency */,
			);
			name = HelloPieUITests;
			productName = HelloPieUITests;
			productReference = 853D4E7A2865DD1A00BC5073 /* HelloPieUITests.xctest */;
			productType = "com.apple.product-type.bundle.ui-testing";
		};
/* End PBXNativeTarget section */

/* Begin PBXProject section */
		853D4E532865DD1600BC5073 /* Project object */ = {
			isa = PBXProject;
			attributes = {
				BuildIndependentTargetsInParallel = 1;
				LastSwiftUpdateCheck = 1340;
				LastUpgradeCheck = 1340;
				TargetAttributes = {
					853D4E5A2865DD1600BC5073 = {
						CreatedOnToolsVersion = 13.4.1;
					};
					853D4E6F2865DD1A00BC5073 = {
						CreatedOnToolsVersion = 13.4.1;
						TestTargetID = 853D4E5A2865DD1600BC5073;
					};
					853D4E792865DD1A00BC5073 = {
						CreatedOnToolsVersion = 13.4.1;
						TestTargetID = 853D4E5A2865DD1600BC5073;
					};
				};
			};
			buildConfigurationList = 853D4E562865DD1600BC5073 /* Build configuration list for PBXProject "HelloPie" */;
			compatibilityVersion = "Xcode 13.0";
			developmentRegion = en;
			hasScannedForEncodings = 0;
			knownRegions = (
				en,
				Base,
				"zh-Hans",
			);
			mainGroup = 853D4E522865DD1600BC5073;
			productRefGroup = 853D4E5C2865DD1600BC5073 /* Products */;
			projectDirPath = "";
			projectRoot = "";
			targets = (
				853D4E5A2865DD1600BC5073 /* HelloPie */,
				853D4E6F2865DD1A00BC5073 /* HelloPieTests */,
				853D4E792865DD1A00BC5073 /* HelloPieUITests */,
			);
		};
/* End PBXProject section */

/* Begin PBXResourcesBuildPhase section */
		853D4E592865DD1600BC5073 /* Resources */ = {
			isa = PBXResourcesBuildPhase;
			buildActionMask = 2147483647;
			files = (
				853D4E662865DD1A00BC5073 /* Preview Assets.xcassets in Resources */,
				853D4E972865DF0C00BC5073 /* Localizable.strings in Resources */,
				853D4E952865DEF400BC5073 /* Localizable.strings in Resources */,
				853D4E632865DD1A00BC5073 /* Assets.xcassets in Resources */,
			);
			runOnlyForDeploymentPostprocessing = 0;
		};
		853D4E6E2865DD1A00BC5073 /* Resources */ = {
			isa = PBXResourcesBuildPhase;
			buildActionMask = 2147483647;
			files = (
			);
			runOnlyForDeploymentPostprocessing = 0;
		};
		853D4E782865DD1A00BC5073 /* Resources */ = {
			isa = PBXResourcesBuildPhase;
			buildActionMask = 2147483647;
			files = (
			);
			runOnlyForDeploymentPostprocessing = 0;
		};
/* End PBXResourcesBuildPhase section */

/* Begin PBXSourcesBuildPhase section */
		853D4E572865DD1600BC5073 /* Sources */ = {
			isa = PBXSourcesBuildPhase;
			buildActionMask = 2147483647;
			files = (
				853D4E9D2865DFCD00BC5073 /* GuessTheCarLogoView.swift in Sources */,
				853D4E8E2865DDED00BC5073 /* Utils.swift in Sources */,
				853D4E902865DE1500BC5073 /* DataController.swift in Sources */,
				853D4E682865DD1A00BC5073 /* Persistence.swift in Sources */,
				853D4E9B2865DF6500BC5073 /* WelcomeView.swift in Sources */,
				853D4E612865DD1600BC5073 /* ContentView.swift in Sources */,
				853D4E5F2865DD1600BC5073 /* HelloPieApp.swift in Sources */,
				853D4E992865DF3900BC5073 /* DataObjects.swift in Sources */,
				853D4E6B2865DD1A00BC5073 /* HelloPie.xcdatamodeld in Sources */,
			);
			runOnlyForDeploymentPostprocessing = 0;
		};
		853D4E6C2865DD1A00BC5073 /* Sources */ = {
			isa = PBXSourcesBuildPhase;
			buildActionMask = 2147483647;
			files = (
				853D4E752865DD1A00BC5073 /* HelloPieTests.swift in Sources */,
			);
			runOnlyForDeploymentPostprocessing = 0;
		};
		853D4E762865DD1A00BC5073 /* Sources */ = {
			isa = PBXSourcesBuildPhase;
			buildActionMask = 2147483647;
			files = (
				853D4E812865DD1A00BC5073 /* HelloPieUITestsLaunchTests.swift in Sources */,
				853D4E7F2865DD1A00BC5073 /* HelloPieUITests.swift in Sources */,
			);
			runOnlyForDeploymentPostprocessing = 0;
		};
/* End PBXSourcesBuildPhase section */

/* Begin PBXTargetDependency section */
		853D4E722865DD1A00BC5073 /* PBXTargetDependency */ = {
			isa = PBXTargetDependency;
			target = 853D4E5A2865DD1600BC5073 /* HelloPie */;
			targetProxy = 853D4E712865DD1A00BC5073 /* PBXContainerItemProxy */;
		};
		853D4E7C2865DD1A00BC5073 /* PBXTargetDependency */ = {
			isa = PBXTargetDependency;
			target = 853D4E5A2865DD1600BC5073 /* HelloPie */;
			targetProxy = 853D4E7B2865DD1A00BC5073 /* PBXContainerItemProxy */;
		};
/* End PBXTargetDependency section */

/* Begin PBXVariantGroup section */
		853D4E932865DEF400BC5073 /* Localizable.strings */ = {
			isa = PBXVariantGroup;
			children = (
				853D4E942865DEF400BC5073 /* en */,
			);
			name = Localizable.strings;
			sourceTree = "<group>";
		};
/* End PBXVariantGroup section */

/* Begin XCBuildConfiguration section */
		853D4E822865DD1A00BC5073 /* Debug */ = {
			isa = XCBuildConfiguration;
			buildSettings = {
				ALWAYS_SEARCH_USER_PATHS = NO;
				CLANG_ANALYZER_NONNULL = YES;
				CLANG_ANALYZER_NUMBER_OBJECT_CONVERSION = YES_AGGRESSIVE;
				CLANG_CXX_LANGUAGE_STANDARD = "gnu++17";
				CLANG_ENABLE_MODULES = YES;
				CLANG_ENABLE_OBJC_ARC = YES;
				CLANG_ENABLE_OBJC_WEAK = YES;
				CLANG_WARN_BLOCK_CAPTURE_AUTORELEASING = YES;
				CLANG_WARN_BOOL_CONVERSION = YES;
				CLANG_WARN_COMMA = YES;
				CLANG_WARN_CONSTANT_CONVERSION = YES;
				CLANG_WARN_DEPRECATED_OBJC_IMPLEMENTATIONS = YES;
				CLANG_WARN_DIRECT_OBJC_ISA_USAGE = YES_ERROR;
				CLANG_WARN_DOCUMENTATION_COMMENTS = YES;
				CLANG_WARN_EMPTY_BODY = YES;
				CLANG_WARN_ENUM_CONVERSION = YES;
				CLANG_WARN_INFINITE_RECURSION = YES;
				CLANG_WARN_INT_CONVERSION = YES;
				CLANG_WARN_NON_LITERAL_NULL_CONVERSION = YES;
				CLANG_WARN_OBJC_IMPLICIT_RETAIN_SELF = YES;
				CLANG_WARN_OBJC_LITERAL_CONVERSION = YES;
				CLANG_WARN_OBJC_ROOT_CLASS = YES_ERROR;
				CLANG_WARN_QUOTED_INCLUDE_IN_FRAMEWORK_HEADER = YES;
				CLANG_WARN_RANGE_LOOP_ANALYSIS = YES;
				CLANG_WARN_STRICT_PROTOTYPES = YES;
				CLANG_WARN_SUSPICIOUS_MOVE = YES;
				CLANG_WARN_UNGUARDED_AVAILABILITY = YES_AGGRESSIVE;
				CLANG_WARN_UNREACHABLE_CODE = YES;
				CLANG_WARN__DUPLICATE_METHOD_MATCH = YES;
				COPY_PHASE_STRIP = NO;
				DEBUG_INFORMATION_FORMAT = dwarf;
				ENABLE_STRICT_OBJC_MSGSEND = YES;
				ENABLE_TESTABILITY = YES;
				GCC_C_LANGUAGE_STANDARD = gnu11;
				GCC_DYNAMIC_NO_PIC = NO;
				GCC_NO_COMMON_BLOCKS = YES;
				GCC_OPTIMIZATION_LEVEL = 0;
				GCC_PREPROCESSOR_DEFINITIONS = (
					"DEBUG=1",
					"$(inherited)",
				);
				GCC_WARN_64_TO_32_BIT_CONVERSION = YES;
				GCC_WARN_ABOUT_RETURN_TYPE = YES_ERROR;
				GCC_WARN_UNDECLARED_SELECTOR = YES;
				GCC_WARN_UNINITIALIZED_AUTOS = YES_AGGRESSIVE;
				GCC_WARN_UNUSED_FUNCTION = YES;
				GCC_WARN_UNUSED_VARIABLE = YES;
				IPHONEOS_DEPLOYMENT_TARGET = 15.5;
				MTL_ENABLE_DEBUG_INFO = INCLUDE_SOURCE;
				MTL_FAST_MATH = YES;
				ONLY_ACTIVE_ARCH = YES;
				SDKROOT = iphoneos;
				SWIFT_ACTIVE_COMPILATION_CONDITIONS = DEBUG;
				SWIFT_OPTIMIZATION_LEVEL = "-Onone";
			};
			name = Debug;
		};
		853D4E832865DD1A00BC5073 /* Release */ = {
			isa = XCBuildConfiguration;
			buildSettings = {
				ALWAYS_SEARCH_USER_PATHS = NO;
				CLANG_ANALYZER_NONNULL = YES;
				CLANG_ANALYZER_NUMBER_OBJECT_CONVERSION = YES_AGGRESSIVE;
				CLANG_CXX_LANGUAGE_STANDARD = "gnu++17";
				CLANG_ENABLE_MODULES = YES;
				CLANG_ENABLE_OBJC_ARC = YES;
				CLANG_ENABLE_OBJC_WEAK = YES;
				CLANG_WARN_BLOCK_CAPTURE_AUTORELEASING = YES;
				CLANG_WARN_BOOL_CONVERSION = YES;
				CLANG_WARN_COMMA = YES;
				CLANG_WARN_CONSTANT_CONVERSION = YES;
				CLANG_WARN_DEPRECATED_OBJC_IMPLEMENTATIONS = YES;
				CLANG_WARN_DIRECT_OBJC_ISA_USAGE = YES_ERROR;
				CLANG_WARN_DOCUMENTATION_COMMENTS = YES;
				CLANG_WARN_EMPTY_BODY = YES;
				CLANG_WARN_ENUM_CONVERSION = YES;
				CLANG_WARN_INFINITE_RECURSION = YES;
				CLANG_WARN_INT_CONVERSION = YES;
				CLANG_WARN_NON_LITERAL_NULL_CONVERSION = YES;
				CLANG_WARN_OBJC_IMPLICIT_RETAIN_SELF = YES;
				CLANG_WARN_OBJC_LITERAL_CONVERSION = YES;
				CLANG_WARN_OBJC_ROOT_CLASS = YES_ERROR;
				CLANG_WARN_QUOTED_INCLUDE_IN_FRAMEWORK_HEADER = YES;
				CLANG_WARN_RANGE_LOOP_ANALYSIS = YES;
				CLANG_WARN_STRICT_PROTOTYPES = YES;
				CLANG_WARN_SUSPICIOUS_MOVE = YES;
				CLANG_WARN_UNGUARDED_AVAILABILITY = YES_AGGRESSIVE;
				CLANG_WARN_UNREACHABLE_CODE = YES;
				CLANG_WARN__DUPLICATE_METHOD_MATCH = YES;
				COPY_PHASE_STRIP = NO;
				DEBUG_INFORMATION_FORMAT = "dwarf-with-dsym";
				ENABLE_NS_ASSERTIONS = NO;
				ENABLE_STRICT_OBJC_MSGSEND = YES;
				GCC_C_LANGUAGE_STANDARD = gnu11;
				GCC_NO_COMMON_BLOCKS = YES;
				GCC_WARN_64_TO_32_BIT_CONVERSION = YES;
				GCC_WARN_ABOUT_RETURN_TYPE = YES_ERROR;
				GCC_WARN_UNDECLARED_SELECTOR = YES;
				GCC_WARN_UNINITIALIZED_AUTOS = YES_AGGRESSIVE;
				GCC_WARN_UNUSED_FUNCTION = YES;
				GCC_WARN_UNUSED_VARIABLE = YES;
				IPHONEOS_DEPLOYMENT_TARGET = 15.5;
				MTL_ENABLE_DEBUG_INFO = NO;
				MTL_FAST_MATH = YES;
				SDKROOT = iphoneos;
				SWIFT_COMPILATION_MODE = wholemodule;
				SWIFT_OPTIMIZATION_LEVEL = "-O";
				VALIDATE_PRODUCT = YES;
			};
			name = Release;
		};
		853D4E852865DD1A00BC5073 /* Debug */ = {
			isa = XCBuildConfiguration;
			buildSettings = {
				ASSETCATALOG_COMPILER_APPICON_NAME = AppIcon;
				ASSETCATALOG_COMPILER_GLOBAL_ACCENT_COLOR_NAME = AccentColor;
				CODE_SIGN_STYLE = Automatic;
				CURRENT_PROJECT_VERSION = 1;
				DEVELOPMENT_ASSET_PATHS = "\"HelloPie/Preview Content\"";
				ENABLE_PREVIEWS = YES;
				GENERATE_INFOPLIST_FILE = YES;
				INFOPLIST_KEY_UIApplicationSceneManifest_Generation = YES;
				INFOPLIST_KEY_UIApplicationSupportsIndirectInputEvents = YES;
				INFOPLIST_KEY_UILaunchScreen_Generation = YES;
				INFOPLIST_KEY_UISupportedInterfaceOrientations_iPad = "UIInterfaceOrientationPortrait UIInterfaceOrientationPortraitUpsideDown UIInterfaceOrientationLandscapeLeft UIInterfaceOrientationLandscapeRight";
				INFOPLIST_KEY_UISupportedInterfaceOrientations_iPhone = "UIInterfaceOrientationPortrait UIInterfaceOrientationLandscapeLeft UIInterfaceOrientationLandscapeRight";
				LD_RUNPATH_SEARCH_PATHS = (
					"$(inherited)",
					"@executable_path/Frameworks",
				);
				MARKETING_VERSION = 1.0;
				PRODUCT_BUNDLE_IDENTIFIER = com.zhenzhidaole.HelloPie;
				PRODUCT_NAME = "$(TARGET_NAME)";
				SWIFT_EMIT_LOC_STRINGS = YES;
				SWIFT_VERSION = 5.0;
				TARGETED_DEVICE_FAMILY = "1,2";
			};
			name = Debug;
		};
		853D4E862865DD1A00BC5073 /* Release */ = {
			isa = XCBuildConfiguration;
			buildSettings = {
				ASSETCATALOG_COMPILER_APPICON_NAME = AppIcon;
				ASSETCATALOG_COMPILER_GLOBAL_ACCENT_COLOR_NAME = AccentColor;
				CODE_SIGN_STYLE = Automatic;
				CURRENT_PROJECT_VERSION = 1;
				DEVELOPMENT_ASSET_PATHS = "\"HelloPie/Preview Content\"";
				ENABLE_PREVIEWS = YES;
				GENERATE_INFOPLIST_FILE = YES;
				INFOPLIST_KEY_UIApplicationSceneManifest_Generation = YES;
				INFOPLIST_KEY_UIApplicationSupportsIndirectInputEvents = YES;
				INFOPLIST_KEY_UILaunchScreen_Generation = YES;
				INFOPLIST_KEY_UISupportedInterfaceOrientations_iPad = "UIInterfaceOrientationPortrait UIInterfaceOrientationPortraitUpsideDown UIInterfaceOrientationLandscapeLeft UIInterfaceOrientationLandscapeRight";
				INFOPLIST_KEY_UISupportedInterfaceOrientations_iPhone = "UIInterfaceOrientationPortrait UIInterfaceOrientationLandscapeLeft UIInterfaceOrientationLandscapeRight";
				LD_RUNPATH_SEARCH_PATHS = (
					"$(inherited)",
					"@executable_path/Frameworks",
				);
				MARKETING_VERSION = 1.0;
				PRODUCT_BUNDLE_IDENTIFIER = com.zhenzhidaole.HelloPie;
				PRODUCT_NAME = "$(TARGET_NAME)";
				SWIFT_EMIT_LOC_STRINGS = YES;
				SWIFT_VERSION = 5.0;
				TARGETED_DEVICE_FAMILY = "1,2";
			};
			name = Release;
		};
		853D4E882865DD1A00BC5073 /* Debug */ = {
			isa = XCBuildConfiguration;
			buildSettings = {
				ALWAYS_EMBED_SWIFT_STANDARD_LIBRARIES = YES;
				BUNDLE_LOADER = "$(TEST_HOST)";
				CODE_SIGN_STYLE = Automatic;
				CURRENT_PROJECT_VERSION = 1;
				GENERATE_INFOPLIST_FILE = YES;
				IPHONEOS_DEPLOYMENT_TARGET = 15.5;
				MARKETING_VERSION = 1.0;
				PRODUCT_BUNDLE_IDENTIFIER = com.zhenzhidaole.HelloPieTests;
				PRODUCT_NAME = "$(TARGET_NAME)";
				SWIFT_EMIT_LOC_STRINGS = NO;
				SWIFT_VERSION = 5.0;
				TARGETED_DEVICE_FAMILY = "1,2";
				TEST_HOST = "$(BUILT_PRODUCTS_DIR)/HelloPie.app/HelloPie";
			};
			name = Debug;
		};
		853D4E892865DD1A00BC5073 /* Release */ = {
			isa = XCBuildConfiguration;
			buildSettings = {
				ALWAYS_EMBED_SWIFT_STANDARD_LIBRARIES = YES;
				BUNDLE_LOADER = "$(TEST_HOST)";
				CODE_SIGN_STYLE = Automatic;
				CURRENT_PROJECT_VERSION = 1;
				GENERATE_INFOPLIST_FILE = YES;
				IPHONEOS_DEPLOYMENT_TARGET = 15.5;
				MARKETING_VERSION = 1.0;
				PRODUCT_BUNDLE_IDENTIFIER = com.zhenzhidaole.HelloPieTests;
				PRODUCT_NAME = "$(TARGET_NAME)";
				SWIFT_EMIT_LOC_STRINGS = NO;
				SWIFT_VERSION = 5.0;
				TARGETED_DEVICE_FAMILY = "1,2";
				TEST_HOST = "$(BUILT_PRODUCTS_DIR)/HelloPie.app/HelloPie";
			};
			name = Release;
		};
		853D4E8B2865DD1A00BC5073 /* Debug */ = {
			isa = XCBuildConfiguration;
			buildSettings = {
				ALWAYS_EMBED_SWIFT_STANDARD_LIBRARIES = YES;
				CODE_SIGN_STYLE = Automatic;
				CURRENT_PROJECT_VERSION = 1;
				GENERATE_INFOPLIST_FILE = YES;
				MARKETING_VERSION = 1.0;
				PRODUCT_BUNDLE_IDENTIFIER = com.zhenzhidaole.HelloPieUITests;
				PRODUCT_NAME = "$(TARGET_NAME)";
				SWIFT_EMIT_LOC_STRINGS = NO;
				SWIFT_VERSION = 5.0;
				TARGETED_DEVICE_FAMILY = "1,2";
				TEST_TARGET_NAME = HelloPie;
			};
			name = Debug;
		};
		853D4E8C2865DD1A00BC5073 /* Release */ = {
			isa = XCBuildConfiguration;
			buildSettings = {
				ALWAYS_EMBED_SWIFT_STANDARD_LIBRARIES = YES;
				CODE_SIGN_STYLE = Automatic;
				CURRENT_PROJECT_VERSION = 1;
				GENERATE_INFOPLIST_FILE = YES;
				MARKETING_VERSION = 1.0;
				PRODUCT_BUNDLE_IDENTIFIER = com.zhenzhidaole.HelloPieUITests;
				PRODUCT_NAME = "$(TARGET_NAME)";
				SWIFT_EMIT_LOC_STRINGS = NO;
				SWIFT_VERSION = 5.0;
				TARGETED_DEVICE_FAMILY = "1,2";
				TEST_TARGET_NAME = HelloPie;
			};
			name = Release;
		};
/* End XCBuildConfiguration section */

/* Begin XCConfigurationList section */
		853D4E562865DD1600BC5073 /* Build configuration list for PBXProject "HelloPie" */ = {
			isa = XCConfigurationList;
			buildConfigurations = (
				853D4E822865DD1A00BC5073 /* Debug */,
				853D4E832865DD1A00BC5073 /* Release */,
			);
			defaultConfigurationIsVisible = 0;
			defaultConfigurationName = Release;
		};
		853D4E842865DD1A00BC5073 /* Build configuration list for PBXNativeTarget "HelloPie" */ = {
			isa = XCConfigurationList;
			buildConfigurations = (
				853D4E852865DD1A00BC5073 /* Debug */,
				853D4E862865DD1A00BC5073 /* Release */,
			);
			defaultConfigurationIsVisible = 0;
			defaultConfigurationName = Release;
		};
		853D4E872865DD1A00BC5073 /* Build configuration list for PBXNativeTarget "HelloPieTests" */ = {
			isa = XCConfigurationList;
			buildConfigurations = (
				853D4E882865DD1A00BC5073 /* Debug */,
				853D4E892865DD1A00BC5073 /* Release */,
			);
			defaultConfigurationIsVisible = 0;
			defaultConfigurationName = Release;
		};
		853D4E8A2865DD1A00BC5073 /* Build configuration list for PBXNativeTarget "HelloPieUITests" */ = {
			isa = XCConfigurationList;
			buildConfigurations = (
				853D4E8B2865DD1A00BC5073 /* Debug */,
				853D4E8C2865DD1A00BC5073 /* Release */,
			);
			defaultConfigurationIsVisible = 0;
			defaultConfigurationName = Release;
		};
/* End XCConfigurationList section */

/* Begin XCVersionGroup section */
		853D4E692865DD1A00BC5073 /* HelloPie.xcdatamodeld */ = {
			isa = XCVersionGroup;
			children = (
				853D4E6A2865DD1A00BC5073 /* HelloPie.xcdatamodel */,
			);
			currentVersion = 853D4E6A2865DD1A00BC5073 /* HelloPie.xcdatamodel */;
			path = HelloPie.xcdatamodeld;
			sourceTree = "<group>";
			versionGroupType = wrapper.xcdatamodel;
		};
/* End XCVersionGroup section */
	};
	rootObject = 853D4E532865DD1600BC5073 /* Project object */;
}
