// !$*UTF8*$!
{
	archiveVersion = 1;
	classes = {
	};
	objectVersion = 55;
	objects = {

/* Begin PBXBuildFile section */
		852637002861FCE3008B650A /* Localizable.strings in Resources */ = {isa = PBXBuildFile; fileRef = 852636FE2861FCE3008B650A /* Localizable.strings */; };
		852637032861FE1B008B650A /* Localizable.strings in Resources */ = {isa = PBXBuildFile; fileRef = 852637012861FE1B008B650A /* Localizable.strings */; };
		859329CC286191B600EE57C0 /* HelloPieAppApp.swift in Sources */ = {isa = PBXBuildFile; fileRef = 859329CB286191B600EE57C0 /* HelloPieAppApp.swift */; };
		859329CE286191B600EE57C0 /* ContentView.swift in Sources */ = {isa = PBXBuildFile; fileRef = 859329CD286191B600EE57C0 /* ContentView.swift */; };
		859329D0286191B800EE57C0 /* Assets.xcassets in Resources */ = {isa = PBXBuildFile; fileRef = 859329CF286191B800EE57C0 /* Assets.xcassets */; };
		859329D3286191B800EE57C0 /* Preview Assets.xcassets in Resources */ = {isa = PBXBuildFile; fileRef = 859329D2286191B800EE57C0 /* Preview Assets.xcassets */; };
		859329D5286191B800EE57C0 /* Persistence.swift in Sources */ = {isa = PBXBuildFile; fileRef = 859329D4286191B800EE57C0 /* Persistence.swift */; };
		859329D8286191B800EE57C0 /* HelloPieApp.xcdatamodeld in Sources */ = {isa = PBXBuildFile; fileRef = 859329D6286191B800EE57C0 /* HelloPieApp.xcdatamodeld */; };
		859329E2286191B900EE57C0 /* HelloPieAppTests.swift in Sources */ = {isa = PBXBuildFile; fileRef = 859329E1286191B900EE57C0 /* HelloPieAppTests.swift */; };
		859329EC286191B900EE57C0 /* HelloPieAppUITests.swift in Sources */ = {isa = PBXBuildFile; fileRef = 859329EB286191B900EE57C0 /* HelloPieAppUITests.swift */; };
		859329EE286191B900EE57C0 /* HelloPieAppUITestsLaunchTests.swift in Sources */ = {isa = PBXBuildFile; fileRef = 859329ED286191B900EE57C0 /* HelloPieAppUITestsLaunchTests.swift */; };
		859329FD2861925F00EE57C0 /* GuessTheCarLogoView.swift in Sources */ = {isa = PBXBuildFile; fileRef = 859329FC2861925F00EE57C0 /* GuessTheCarLogoView.swift */; };
		859329FF28619E4600EE57C0 /* DataObjects.swift in Sources */ = {isa = PBXBuildFile; fileRef = 859329FE28619E4600EE57C0 /* DataObjects.swift */; };
/* End PBXBuildFile section */

/* Begin PBXContainerItemProxy section */
		859329DE286191B900EE57C0 /* PBXContainerItemProxy */ = {
			isa = PBXContainerItemProxy;
			containerPortal = 859329C0286191B600EE57C0 /* Project object */;
			proxyType = 1;
			remoteGlobalIDString = 859329C7286191B600EE57C0;
			remoteInfo = HelloPieApp;
		};
		859329E8286191B900EE57C0 /* PBXContainerItemProxy */ = {
			isa = PBXContainerItemProxy;
			containerPortal = 859329C0286191B600EE57C0 /* Project object */;
			proxyType = 1;
			remoteGlobalIDString = 859329C7286191B600EE57C0;
			remoteInfo = HelloPieApp;
		};
/* End PBXContainerItemProxy section */

/* Begin PBXFileReference section */
		852636FF2861FCE3008B650A /* en */ = {isa = PBXFileReference; lastKnownFileType = text.plist.strings; name = en; path = Localizable.strings; sourceTree = "<group>"; };
		852637022861FE1B008B650A /* zh-Hans */ = {isa = PBXFileReference; lastKnownFileType = text.plist.strings; name = "zh-Hans"; path = Localizable.strings; sourceTree = "<group>"; };
		859329C8286191B600EE57C0 /* HelloPieApp.app */ = {isa = PBXFileReference; explicitFileType = wrapper.application; includeInIndex = 0; path = HelloPieApp.app; sourceTree = BUILT_PRODUCTS_DIR; };
		859329CB286191B600EE57C0 /* HelloPieAppApp.swift */ = {isa = PBXFileReference; lastKnownFileType = sourcecode.swift; path = HelloPieAppApp.swift; sourceTree = "<group>"; };
		859329CD286191B600EE57C0 /* ContentView.swift */ = {isa = PBXFileReference; lastKnownFileType = sourcecode.swift; path = ContentView.swift; sourceTree = "<group>"; };
		859329CF286191B800EE57C0 /* Assets.xcassets */ = {isa = PBXFileReference; lastKnownFileType = folder.assetcatalog; path = Assets.xcassets; sourceTree = "<group>"; };
		859329D2286191B800EE57C0 /* Preview Assets.xcassets */ = {isa = PBXFileReference; lastKnownFileType = folder.assetcatalog; path = "Preview Assets.xcassets"; sourceTree = "<group>"; };
		859329D4286191B800EE57C0 /* Persistence.swift */ = {isa = PBXFileReference; lastKnownFileType = sourcecode.swift; path = Persistence.swift; sourceTree = "<group>"; };
		859329D7286191B800EE57C0 /* HelloPieApp.xcdatamodel */ = {isa = PBXFileReference; lastKnownFileType = wrapper.xcdatamodel; path = HelloPieApp.xcdatamodel; sourceTree = "<group>"; };
		859329DD286191B900EE57C0 /* HelloPieAppTests.xctest */ = {isa = PBXFileReference; explicitFileType = wrapper.cfbundle; includeInIndex = 0; path = HelloPieAppTests.xctest; sourceTree = BUILT_PRODUCTS_DIR; };
		859329E1286191B900EE57C0 /* HelloPieAppTests.swift */ = {isa = PBXFileReference; lastKnownFileType = sourcecode.swift; path = HelloPieAppTests.swift; sourceTree = "<group>"; };
		859329E7286191B900EE57C0 /* HelloPieAppUITests.xctest */ = {isa = PBXFileReference; explicitFileType = wrapper.cfbundle; includeInIndex = 0; path = HelloPieAppUITests.xctest; sourceTree = BUILT_PRODUCTS_DIR; };
		859329EB286191B900EE57C0 /* HelloPieAppUITests.swift */ = {isa = PBXFileReference; lastKnownFileType = sourcecode.swift; path = HelloPieAppUITests.swift; sourceTree = "<group>"; };
		859329ED286191B900EE57C0 /* HelloPieAppUITestsLaunchTests.swift */ = {isa = PBXFileReference; lastKnownFileType = sourcecode.swift; path = HelloPieAppUITestsLaunchTests.swift; sourceTree = "<group>"; };
		859329FC2861925F00EE57C0 /* GuessTheCarLogoView.swift */ = {isa = PBXFileReference; lastKnownFileType = sourcecode.swift; path = GuessTheCarLogoView.swift; sourceTree = "<group>"; };
		859329FE28619E4600EE57C0 /* DataObjects.swift */ = {isa = PBXFileReference; lastKnownFileType = sourcecode.swift; path = DataObjects.swift; sourceTree = "<group>"; };
/* End PBXFileReference section */

/* Begin PBXFrameworksBuildPhase section */
		859329C5286191B600EE57C0 /* Frameworks */ = {
			isa = PBXFrameworksBuildPhase;
			buildActionMask = 2147483647;
			files = (
			);
			runOnlyForDeploymentPostprocessing = 0;
		};
		859329DA286191B900EE57C0 /* Frameworks */ = {
			isa = PBXFrameworksBuildPhase;
			buildActionMask = 2147483647;
			files = (
			);
			runOnlyForDeploymentPostprocessing = 0;
		};
		859329E4286191B900EE57C0 /* Frameworks */ = {
			isa = PBXFrameworksBuildPhase;
			buildActionMask = 2147483647;
			files = (
			);
			runOnlyForDeploymentPostprocessing = 0;
		};
/* End PBXFrameworksBuildPhase section */

/* Begin PBXGroup section */
		852636F32861F24A008B650A /* en.lproj */ = {
			isa = PBXGroup;
			children = (
				852636FE2861FCE3008B650A /* Localizable.strings */,
			);
			path = en.lproj;
			sourceTree = "<group>";
		};
		852636F72861F29C008B650A /* zh-Hans.lproj */ = {
			isa = PBXGroup;
			children = (
				852637012861FE1B008B650A /* Localizable.strings */,
			);
			path = "zh-Hans.lproj";
			sourceTree = "<group>";
		};
		859329BF286191B600EE57C0 = {
			isa = PBXGroup;
			children = (
				859329CA286191B600EE57C0 /* HelloPieApp */,
				859329E0286191B900EE57C0 /* HelloPieAppTests */,
				859329EA286191B900EE57C0 /* HelloPieAppUITests */,
				859329C9286191B600EE57C0 /* Products */,
			);
			sourceTree = "<group>";
		};
		859329C9286191B600EE57C0 /* Products */ = {
			isa = PBXGroup;
			children = (
				859329C8286191B600EE57C0 /* HelloPieApp.app */,
				859329DD286191B900EE57C0 /* HelloPieAppTests.xctest */,
				859329E7286191B900EE57C0 /* HelloPieAppUITests.xctest */,
			);
			name = Products;
			sourceTree = "<group>";
		};
		859329CA286191B600EE57C0 /* HelloPieApp */ = {
			isa = PBXGroup;
			children = (
				859329CB286191B600EE57C0 /* HelloPieAppApp.swift */,
				859329CD286191B600EE57C0 /* ContentView.swift */,
				859329FC2861925F00EE57C0 /* GuessTheCarLogoView.swift */,
				859329FE28619E4600EE57C0 /* DataObjects.swift */,
				859329CF286191B800EE57C0 /* Assets.xcassets */,
				859329D4286191B800EE57C0 /* Persistence.swift */,
				859329D6286191B800EE57C0 /* HelloPieApp.xcdatamodeld */,
				852636F72861F29C008B650A /* zh-Hans.lproj */,
				852636F32861F24A008B650A /* en.lproj */,
				859329D1286191B800EE57C0 /* Preview Content */,
			);
			path = HelloPieApp;
			sourceTree = "<group>";
		};
		859329D1286191B800EE57C0 /* Preview Content */ = {
			isa = PBXGroup;
			children = (
				859329D2286191B800EE57C0 /* Preview Assets.xcassets */,
			);
			path = "Preview Content";
			sourceTree = "<group>";
		};
		859329E0286191B900EE57C0 /* HelloPieAppTests */ = {
			isa = PBXGroup;
			children = (
				859329E1286191B900EE57C0 /* HelloPieAppTests.swift */,
			);
			path = HelloPieAppTests;
			sourceTree = "<group>";
		};
		859329EA286191B900EE57C0 /* HelloPieAppUITests */ = {
			isa = PBXGroup;
			children = (
				859329EB286191B900EE57C0 /* HelloPieAppUITests.swift */,
				859329ED286191B900EE57C0 /* HelloPieAppUITestsLaunchTests.swift */,
			);
			path = HelloPieAppUITests;
			sourceTree = "<group>";
		};
/* End PBXGroup section */

/* Begin PBXNativeTarget section */
		859329C7286191B600EE57C0 /* HelloPieApp */ = {
			isa = PBXNativeTarget;
			buildConfigurationList = 859329F1286191B900EE57C0 /* Build configuration list for PBXNativeTarget "HelloPieApp" */;
			buildPhases = (
				859329C4286191B600EE57C0 /* Sources */,
				859329C5286191B600EE57C0 /* Frameworks */,
				859329C6286191B600EE57C0 /* Resources */,
			);
			buildRules = (
			);
			dependencies = (
			);
			name = HelloPieApp;
			productName = HelloPieApp;
			productReference = 859329C8286191B600EE57C0 /* HelloPieApp.app */;
			productType = "com.apple.product-type.application";
		};
		859329DC286191B900EE57C0 /* HelloPieAppTests */ = {
			isa = PBXNativeTarget;
			buildConfigurationList = 859329F4286191B900EE57C0 /* Build configuration list for PBXNativeTarget "HelloPieAppTests" */;
			buildPhases = (
				859329D9286191B900EE57C0 /* Sources */,
				859329DA286191B900EE57C0 /* Frameworks */,
				859329DB286191B900EE57C0 /* Resources */,
			);
			buildRules = (
			);
			dependencies = (
				859329DF286191B900EE57C0 /* PBXTargetDependency */,
			);
			name = HelloPieAppTests;
			productName = HelloPieAppTests;
			productReference = 859329DD286191B900EE57C0 /* HelloPieAppTests.xctest */;
			productType = "com.apple.product-type.bundle.unit-test";
		};
		859329E6286191B900EE57C0 /* HelloPieAppUITests */ = {
			isa = PBXNativeTarget;
			buildConfigurationList = 859329F7286191B900EE57C0 /* Build configuration list for PBXNativeTarget "HelloPieAppUITests" */;
			buildPhases = (
				859329E3286191B900EE57C0 /* Sources */,
				859329E4286191B900EE57C0 /* Frameworks */,
				859329E5286191B900EE57C0 /* Resources */,
			);
			buildRules = (
			);
			dependencies = (
				859329E9286191B900EE57C0 /* PBXTargetDependency */,
			);
			name = HelloPieAppUITests;
			productName = HelloPieAppUITests;
			productReference = 859329E7286191B900EE57C0 /* HelloPieAppUITests.xctest */;
			productType = "com.apple.product-type.bundle.ui-testing";
		};
/* End PBXNativeTarget section */

/* Begin PBXProject section */
		859329C0286191B600EE57C0 /* Project object */ = {
			isa = PBXProject;
			attributes = {
				BuildIndependentTargetsInParallel = 1;
				LastSwiftUpdateCheck = 1340;
				LastUpgradeCheck = 1340;
				TargetAttributes = {
					859329C7286191B600EE57C0 = {
						CreatedOnToolsVersion = 13.4.1;
					};
					859329DC286191B900EE57C0 = {
						CreatedOnToolsVersion = 13.4.1;
						TestTargetID = 859329C7286191B600EE57C0;
					};
					859329E6286191B900EE57C0 = {
						CreatedOnToolsVersion = 13.4.1;
						TestTargetID = 859329C7286191B600EE57C0;
					};
				};
			};
			buildConfigurationList = 859329C3286191B600EE57C0 /* Build configuration list for PBXProject "HelloPieApp" */;
			compatibilityVersion = "Xcode 13.0";
			developmentRegion = en;
			hasScannedForEncodings = 0;
			knownRegions = (
				en,
				Base,
				"zh-Hans",
			);
			mainGroup = 859329BF286191B600EE57C0;
			productRefGroup = 859329C9286191B600EE57C0 /* Products */;
			projectDirPath = "";
			projectRoot = "";
			targets = (
				859329C7286191B600EE57C0 /* HelloPieApp */,
				859329DC286191B900EE57C0 /* HelloPieAppTests */,
				859329E6286191B900EE57C0 /* HelloPieAppUITests */,
			);
		};
/* End PBXProject section */

/* Begin PBXResourcesBuildPhase section */
		859329C6286191B600EE57C0 /* Resources */ = {
			isa = PBXResourcesBuildPhase;
			buildActionMask = 2147483647;
			files = (
				859329D3286191B800EE57C0 /* Preview Assets.xcassets in Resources */,
				852637032861FE1B008B650A /* Localizable.strings in Resources */,
				852637002861FCE3008B650A /* Localizable.strings in Resources */,
				859329D0286191B800EE57C0 /* Assets.xcassets in Resources */,
			);
			runOnlyForDeploymentPostprocessing = 0;
		};
		859329DB286191B900EE57C0 /* Resources */ = {
			isa = PBXResourcesBuildPhase;
			buildActionMask = 2147483647;
			files = (
			);
			runOnlyForDeploymentPostprocessing = 0;
		};
		859329E5286191B900EE57C0 /* Resources */ = {
			isa = PBXResourcesBuildPhase;
			buildActionMask = 2147483647;
			files = (
			);
			runOnlyForDeploymentPostprocessing = 0;
		};
/* End PBXResourcesBuildPhase section */

/* Begin PBXSourcesBuildPhase section */
		859329C4286191B600EE57C0 /* Sources */ = {
			isa = PBXSourcesBuildPhase;
			buildActionMask = 2147483647;
			files = (
				859329D5286191B800EE57C0 /* Persistence.swift in Sources */,
				859329CE286191B600EE57C0 /* ContentView.swift in Sources */,
				859329CC286191B600EE57C0 /* HelloPieAppApp.swift in Sources */,
				859329D8286191B800EE57C0 /* HelloPieApp.xcdatamodeld in Sources */,
				859329FF28619E4600EE57C0 /* DataObjects.swift in Sources */,
				859329FD2861925F00EE57C0 /* GuessTheCarLogoView.swift in Sources */,
			);
			runOnlyForDeploymentPostprocessing = 0;
		};
		859329D9286191B900EE57C0 /* Sources */ = {
			isa = PBXSourcesBuildPhase;
			buildActionMask = 2147483647;
			files = (
				859329E2286191B900EE57C0 /* HelloPieAppTests.swift in Sources */,
			);
			runOnlyForDeploymentPostprocessing = 0;
		};
		859329E3286191B900EE57C0 /* Sources */ = {
			isa = PBXSourcesBuildPhase;
			buildActionMask = 2147483647;
			files = (
				859329EE286191B900EE57C0 /* HelloPieAppUITestsLaunchTests.swift in Sources */,
				859329EC286191B900EE57C0 /* HelloPieAppUITests.swift in Sources */,
			);
			runOnlyForDeploymentPostprocessing = 0;
		};
/* End PBXSourcesBuildPhase section */

/* Begin PBXTargetDependency section */
		859329DF286191B900EE57C0 /* PBXTargetDependency */ = {
			isa = PBXTargetDependency;
			target = 859329C7286191B600EE57C0 /* HelloPieApp */;
			targetProxy = 859329DE286191B900EE57C0 /* PBXContainerItemProxy */;
		};
		859329E9286191B900EE57C0 /* PBXTargetDependency */ = {
			isa = PBXTargetDependency;
			target = 859329C7286191B600EE57C0 /* HelloPieApp */;
			targetProxy = 859329E8286191B900EE57C0 /* PBXContainerItemProxy */;
		};
/* End PBXTargetDependency section */

/* Begin PBXVariantGroup section */
		852636FE2861FCE3008B650A /* Localizable.strings */ = {
			isa = PBXVariantGroup;
			children = (
				852636FF2861FCE3008B650A /* en */,
			);
			name = Localizable.strings;
			sourceTree = "<group>";
		};
		852637012861FE1B008B650A /* Localizable.strings */ = {
			isa = PBXVariantGroup;
			children = (
				852637022861FE1B008B650A /* zh-Hans */,
			);
			name = Localizable.strings;
			sourceTree = "<group>";
		};
/* End PBXVariantGroup section */

/* Begin XCBuildConfiguration section */
		859329EF286191B900EE57C0 /* Debug */ = {
			isa = XCBuildConfiguration;
			buildSettings = {
				ALWAYS_SEARCH_USER_PATHS = NO;
				CLANG_ANALYZER_NONNULL = YES;
				CLANG_ANALYZER_NUMBER_OBJECT_CONVERSION = YES_AGGRESSIVE;
				CLANG_CXX_LANGUAGE_STANDARD = "gnu++17";
				CLANG_ENABLE_MODULES = YES;
				CLANG_ENABLE_OBJC_ARC = YES;
				CLANG_ENABLE_OBJC_WEAK = YES;
				CLANG_WARN_BLOCK_CAPTURE_AUTORELEASING = YES;
				CLANG_WARN_BOOL_CONVERSION = YES;
				CLANG_WARN_COMMA = YES;
				CLANG_WARN_CONSTANT_CONVERSION = YES;
				CLANG_WARN_DEPRECATED_OBJC_IMPLEMENTATIONS = YES;
				CLANG_WARN_DIRECT_OBJC_ISA_USAGE = YES_ERROR;
				CLANG_WARN_DOCUMENTATION_COMMENTS = YES;
				CLANG_WARN_EMPTY_BODY = YES;
				CLANG_WARN_ENUM_CONVERSION = YES;
				CLANG_WARN_INFINITE_RECURSION = YES;
				CLANG_WARN_INT_CONVERSION = YES;
				CLANG_WARN_NON_LITERAL_NULL_CONVERSION = YES;
				CLANG_WARN_OBJC_IMPLICIT_RETAIN_SELF = YES;
				CLANG_WARN_OBJC_LITERAL_CONVERSION = YES;
				CLANG_WARN_OBJC_ROOT_CLASS = YES_ERROR;
				CLANG_WARN_QUOTED_INCLUDE_IN_FRAMEWORK_HEADER = YES;
				CLANG_WARN_RANGE_LOOP_ANALYSIS = YES;
				CLANG_WARN_STRICT_PROTOTYPES = YES;
				CLANG_WARN_SUSPICIOUS_MOVE = YES;
				CLANG_WARN_UNGUARDED_AVAILABILITY = YES_AGGRESSIVE;
				CLANG_WARN_UNREACHABLE_CODE = YES;
				CLANG_WARN__DUPLICATE_METHOD_MATCH = YES;
				COPY_PHASE_STRIP = NO;
				DEBUG_INFORMATION_FORMAT = dwarf;
				ENABLE_STRICT_OBJC_MSGSEND = YES;
				ENABLE_TESTABILITY = YES;
				GCC_C_LANGUAGE_STANDARD = gnu11;
				GCC_DYNAMIC_NO_PIC = NO;
				GCC_NO_COMMON_BLOCKS = YES;
				GCC_OPTIMIZATION_LEVEL = 0;
				GCC_PREPROCESSOR_DEFINITIONS = (
					"DEBUG=1",
					"$(inherited)",
				);
				GCC_WARN_64_TO_32_BIT_CONVERSION = YES;
				GCC_WARN_ABOUT_RETURN_TYPE = YES_ERROR;
				GCC_WARN_UNDECLARED_SELECTOR = YES;
				GCC_WARN_UNINITIALIZED_AUTOS = YES_AGGRESSIVE;
				GCC_WARN_UNUSED_FUNCTION = YES;
				GCC_WARN_UNUSED_VARIABLE = YES;
				IPHONEOS_DEPLOYMENT_TARGET = 15.5;
				MTL_ENABLE_DEBUG_INFO = INCLUDE_SOURCE;
				MTL_FAST_MATH = YES;
				ONLY_ACTIVE_ARCH = YES;
				SDKROOT = iphoneos;
				SWIFT_ACTIVE_COMPILATION_CONDITIONS = DEBUG;
				SWIFT_OPTIMIZATION_LEVEL = "-Onone";
			};
			name = Debug;
		};
		859329F0286191B900EE57C0 /* Release */ = {
			isa = XCBuildConfiguration;
			buildSettings = {
				ALWAYS_SEARCH_USER_PATHS = NO;
				CLANG_ANALYZER_NONNULL = YES;
				CLANG_ANALYZER_NUMBER_OBJECT_CONVERSION = YES_AGGRESSIVE;
				CLANG_CXX_LANGUAGE_STANDARD = "gnu++17";
				CLANG_ENABLE_MODULES = YES;
				CLANG_ENABLE_OBJC_ARC = YES;
				CLANG_ENABLE_OBJC_WEAK = YES;
				CLANG_WARN_BLOCK_CAPTURE_AUTORELEASING = YES;
				CLANG_WARN_BOOL_CONVERSION = YES;
				CLANG_WARN_COMMA = YES;
				CLANG_WARN_CONSTANT_CONVERSION = YES;
				CLANG_WARN_DEPRECATED_OBJC_IMPLEMENTATIONS = YES;
				CLANG_WARN_DIRECT_OBJC_ISA_USAGE = YES_ERROR;
				CLANG_WARN_DOCUMENTATION_COMMENTS = YES;
				CLANG_WARN_EMPTY_BODY = YES;
				CLANG_WARN_ENUM_CONVERSION = YES;
				CLANG_WARN_INFINITE_RECURSION = YES;
				CLANG_WARN_INT_CONVERSION = YES;
				CLANG_WARN_NON_LITERAL_NULL_CONVERSION = YES;
				CLANG_WARN_OBJC_IMPLICIT_RETAIN_SELF = YES;
				CLANG_WARN_OBJC_LITERAL_CONVERSION = YES;
				CLANG_WARN_OBJC_ROOT_CLASS = YES_ERROR;
				CLANG_WARN_QUOTED_INCLUDE_IN_FRAMEWORK_HEADER = YES;
				CLANG_WARN_RANGE_LOOP_ANALYSIS = YES;
				CLANG_WARN_STRICT_PROTOTYPES = YES;
				CLANG_WARN_SUSPICIOUS_MOVE = YES;
				CLANG_WARN_UNGUARDED_AVAILABILITY = YES_AGGRESSIVE;
				CLANG_WARN_UNREACHABLE_CODE = YES;
				CLANG_WARN__DUPLICATE_METHOD_MATCH = YES;
				COPY_PHASE_STRIP = NO;
				DEBUG_INFORMATION_FORMAT = "dwarf-with-dsym";
				ENABLE_NS_ASSERTIONS = NO;
				ENABLE_STRICT_OBJC_MSGSEND = YES;
				GCC_C_LANGUAGE_STANDARD = gnu11;
				GCC_NO_COMMON_BLOCKS = YES;
				GCC_WARN_64_TO_32_BIT_CONVERSION = YES;
				GCC_WARN_ABOUT_RETURN_TYPE = YES_ERROR;
				GCC_WARN_UNDECLARED_SELECTOR = YES;
				GCC_WARN_UNINITIALIZED_AUTOS = YES_AGGRESSIVE;
				GCC_WARN_UNUSED_FUNCTION = YES;
				GCC_WARN_UNUSED_VARIABLE = YES;
				IPHONEOS_DEPLOYMENT_TARGET = 15.5;
				MTL_ENABLE_DEBUG_INFO = NO;
				MTL_FAST_MATH = YES;
				SDKROOT = iphoneos;
				SWIFT_COMPILATION_MODE = wholemodule;
				SWIFT_OPTIMIZATION_LEVEL = "-O";
				VALIDATE_PRODUCT = YES;
			};
			name = Release;
		};
		859329F2286191B900EE57C0 /* Debug */ = {
			isa = XCBuildConfiguration;
			buildSettings = {
				ASSETCATALOG_COMPILER_APPICON_NAME = AppIcon;
				ASSETCATALOG_COMPILER_GLOBAL_ACCENT_COLOR_NAME = AccentColor;
				CODE_SIGN_STYLE = Automatic;
				CURRENT_PROJECT_VERSION = 1;
				DEVELOPMENT_ASSET_PATHS = "\"HelloPieApp/Preview Content\"";
				ENABLE_PREVIEWS = YES;
				GENERATE_INFOPLIST_FILE = YES;
				INFOPLIST_KEY_UIApplicationSceneManifest_Generation = YES;
				INFOPLIST_KEY_UIApplicationSupportsIndirectInputEvents = YES;
				INFOPLIST_KEY_UILaunchScreen_Generation = YES;
				INFOPLIST_KEY_UISupportedInterfaceOrientations_iPad = "UIInterfaceOrientationPortrait UIInterfaceOrientationPortraitUpsideDown UIInterfaceOrientationLandscapeLeft UIInterfaceOrientationLandscapeRight";
				INFOPLIST_KEY_UISupportedInterfaceOrientations_iPhone = "UIInterfaceOrientationPortrait UIInterfaceOrientationLandscapeLeft UIInterfaceOrientationLandscapeRight";
				LD_RUNPATH_SEARCH_PATHS = (
					"$(inherited)",
					"@executable_path/Frameworks",
				);
				MARKETING_VERSION = 1.0;
				PRODUCT_BUNDLE_IDENTIFIER = com.zhenzhidaole.HelloPieApp;
				PRODUCT_NAME = "$(TARGET_NAME)";
				SWIFT_EMIT_LOC_STRINGS = YES;
				SWIFT_VERSION = 5.0;
				TARGETED_DEVICE_FAMILY = "1,2";
			};
			name = Debug;
		};
		859329F3286191B900EE57C0 /* Release */ = {
			isa = XCBuildConfiguration;
			buildSettings = {
				ASSETCATALOG_COMPILER_APPICON_NAME = AppIcon;
				ASSETCATALOG_COMPILER_GLOBAL_ACCENT_COLOR_NAME = AccentColor;
				CODE_SIGN_STYLE = Automatic;
				CURRENT_PROJECT_VERSION = 1;
				DEVELOPMENT_ASSET_PATHS = "\"HelloPieApp/Preview Content\"";
				ENABLE_PREVIEWS = YES;
				GENERATE_INFOPLIST_FILE = YES;
				INFOPLIST_KEY_UIApplicationSceneManifest_Generation = YES;
				INFOPLIST_KEY_UIApplicationSupportsIndirectInputEvents = YES;
				INFOPLIST_KEY_UILaunchScreen_Generation = YES;
				INFOPLIST_KEY_UISupportedInterfaceOrientations_iPad = "UIInterfaceOrientationPortrait UIInterfaceOrientationPortraitUpsideDown UIInterfaceOrientationLandscapeLeft UIInterfaceOrientationLandscapeRight";
				INFOPLIST_KEY_UISupportedInterfaceOrientations_iPhone = "UIInterfaceOrientationPortrait UIInterfaceOrientationLandscapeLeft UIInterfaceOrientationLandscapeRight";
				LD_RUNPATH_SEARCH_PATHS = (
					"$(inherited)",
					"@executable_path/Frameworks",
				);
				MARKETING_VERSION = 1.0;
				PRODUCT_BUNDLE_IDENTIFIER = com.zhenzhidaole.HelloPieApp;
				PRODUCT_NAME = "$(TARGET_NAME)";
				SWIFT_EMIT_LOC_STRINGS = YES;
				SWIFT_VERSION = 5.0;
				TARGETED_DEVICE_FAMILY = "1,2";
			};
			name = Release;
		};
		859329F5286191B900EE57C0 /* Debug */ = {
			isa = XCBuildConfiguration;
			buildSettings = {
				ALWAYS_EMBED_SWIFT_STANDARD_LIBRARIES = YES;
				BUNDLE_LOADER = "$(TEST_HOST)";
				CODE_SIGN_STYLE = Automatic;
				CURRENT_PROJECT_VERSION = 1;
				GENERATE_INFOPLIST_FILE = YES;
				IPHONEOS_DEPLOYMENT_TARGET = 15.5;
				MARKETING_VERSION = 1.0;
				PRODUCT_BUNDLE_IDENTIFIER = com.zhenzhidaole.HelloPieAppTests;
				PRODUCT_NAME = "$(TARGET_NAME)";
				SWIFT_EMIT_LOC_STRINGS = NO;
				SWIFT_VERSION = 5.0;
				TARGETED_DEVICE_FAMILY = "1,2";
				TEST_HOST = "$(BUILT_PRODUCTS_DIR)/HelloPieApp.app/HelloPieApp";
			};
			name = Debug;
		};
		859329F6286191B900EE57C0 /* Release */ = {
			isa = XCBuildConfiguration;
			buildSettings = {
				ALWAYS_EMBED_SWIFT_STANDARD_LIBRARIES = YES;
				BUNDLE_LOADER = "$(TEST_HOST)";
				CODE_SIGN_STYLE = Automatic;
				CURRENT_PROJECT_VERSION = 1;
				GENERATE_INFOPLIST_FILE = YES;
				IPHONEOS_DEPLOYMENT_TARGET = 15.5;
				MARKETING_VERSION = 1.0;
				PRODUCT_BUNDLE_IDENTIFIER = com.zhenzhidaole.HelloPieAppTests;
				PRODUCT_NAME = "$(TARGET_NAME)";
				SWIFT_EMIT_LOC_STRINGS = NO;
				SWIFT_VERSION = 5.0;
				TARGETED_DEVICE_FAMILY = "1,2";
				TEST_HOST = "$(BUILT_PRODUCTS_DIR)/HelloPieApp.app/HelloPieApp";
			};
			name = Release;
		};
		859329F8286191B900EE57C0 /* Debug */ = {
			isa = XCBuildConfiguration;
			buildSettings = {
				ALWAYS_EMBED_SWIFT_STANDARD_LIBRARIES = YES;
				CODE_SIGN_STYLE = Automatic;
				CURRENT_PROJECT_VERSION = 1;
				GENERATE_INFOPLIST_FILE = YES;
				MARKETING_VERSION = 1.0;
				PRODUCT_BUNDLE_IDENTIFIER = com.zhenzhidaole.HelloPieAppUITests;
				PRODUCT_NAME = "$(TARGET_NAME)";
				SWIFT_EMIT_LOC_STRINGS = NO;
				SWIFT_VERSION = 5.0;
				TARGETED_DEVICE_FAMILY = "1,2";
				TEST_TARGET_NAME = HelloPieApp;
			};
			name = Debug;
		};
		859329F9286191B900EE57C0 /* Release */ = {
			isa = XCBuildConfiguration;
			buildSettings = {
				ALWAYS_EMBED_SWIFT_STANDARD_LIBRARIES = YES;
				CODE_SIGN_STYLE = Automatic;
				CURRENT_PROJECT_VERSION = 1;
				GENERATE_INFOPLIST_FILE = YES;
				MARKETING_VERSION = 1.0;
				PRODUCT_BUNDLE_IDENTIFIER = com.zhenzhidaole.HelloPieAppUITests;
				PRODUCT_NAME = "$(TARGET_NAME)";
				SWIFT_EMIT_LOC_STRINGS = NO;
				SWIFT_VERSION = 5.0;
				TARGETED_DEVICE_FAMILY = "1,2";
				TEST_TARGET_NAME = HelloPieApp;
			};
			name = Release;
		};
/* End XCBuildConfiguration section */

/* Begin XCConfigurationList section */
		859329C3286191B600EE57C0 /* Build configuration list for PBXProject "HelloPieApp" */ = {
			isa = XCConfigurationList;
			buildConfigurations = (
				859329EF286191B900EE57C0 /* Debug */,
				859329F0286191B900EE57C0 /* Release */,
			);
			defaultConfigurationIsVisible = 0;
			defaultConfigurationName = Release;
		};
		859329F1286191B900EE57C0 /* Build configuration list for PBXNativeTarget "HelloPieApp" */ = {
			isa = XCConfigurationList;
			buildConfigurations = (
				859329F2286191B900EE57C0 /* Debug */,
				859329F3286191B900EE57C0 /* Release */,
			);
			defaultConfigurationIsVisible = 0;
			defaultConfigurationName = Release;
		};
		859329F4286191B900EE57C0 /* Build configuration list for PBXNativeTarget "HelloPieAppTests" */ = {
			isa = XCConfigurationList;
			buildConfigurations = (
				859329F5286191B900EE57C0 /* Debug */,
				859329F6286191B900EE57C0 /* Release */,
			);
			defaultConfigurationIsVisible = 0;
			defaultConfigurationName = Release;
		};
		859329F7286191B900EE57C0 /* Build configuration list for PBXNativeTarget "HelloPieAppUITests" */ = {
			isa = XCConfigurationList;
			buildConfigurations = (
				859329F8286191B900EE57C0 /* Debug */,
				859329F9286191B900EE57C0 /* Release */,
			);
			defaultConfigurationIsVisible = 0;
			defaultConfigurationName = Release;
		};
/* End XCConfigurationList section */

/* Begin XCVersionGroup section */
		859329D6286191B800EE57C0 /* HelloPieApp.xcdatamodeld */ = {
			isa = XCVersionGroup;
			children = (
				859329D7286191B800EE57C0 /* HelloPieApp.xcdatamodel */,
			);
			currentVersion = 859329D7286191B800EE57C0 /* HelloPieApp.xcdatamodel */;
			path = HelloPieApp.xcdatamodeld;
			sourceTree = "<group>";
			versionGroupType = wrapper.xcdatamodel;
		};
/* End XCVersionGroup section */
	};
	rootObject = 859329C0286191B600EE57C0 /* Project object */;
}
